// !$*UTF8*$!
{
	archiveVersion = 1;
	classes = {
	};
	objectVersion = 51;
	objects = {

/* Begin PBXBuildFile section */
		965049CC25C566EC00F4D960 /* TableSection+OnlyRows.swift in Sources */ = {isa = PBXBuildFile; fileRef = 965049CB25C566EC00F4D960 /* TableSection+OnlyRows.swift */; };
		965990A725B44B46002A23BD /* BaseViewController.swift in Sources */ = {isa = PBXBuildFile; fileRef = 965990A625B44B46002A23BD /* BaseViewController.swift */; };
		965990C425B615BE002A23BD /* BaseView.swift in Sources */ = {isa = PBXBuildFile; fileRef = 965990C325B615BE002A23BD /* BaseView.swift */; };
		9659912625B898DC002A23BD /* ModuleBuilder.swift in Sources */ = {isa = PBXBuildFile; fileRef = 9659912525B898DC002A23BD /* ModuleBuilder.swift */; };
		9659912925B8990C002A23BD /* ModuleFactory+MainModule.swift in Sources */ = {isa = PBXBuildFile; fileRef = 9659912825B8990C002A23BD /* ModuleFactory+MainModule.swift */; };
		9659912C25B89AA4002A23BD /* MainViewModel.swift in Sources */ = {isa = PBXBuildFile; fileRef = 9659912B25B89AA4002A23BD /* MainViewModel.swift */; };
		9659915B25B8A580002A23BD /* RxViewModel.swift in Sources */ = {isa = PBXBuildFile; fileRef = 9659915A25B8A580002A23BD /* RxViewModel.swift */; };
		9659916325B8AFCC002A23BD /* ICoordiator.swift in Sources */ = {isa = PBXBuildFile; fileRef = 9659916225B8AFCC002A23BD /* ICoordiator.swift */; };
		9659916625B8B054002A23BD /* MainCoordinator.swift in Sources */ = {isa = PBXBuildFile; fileRef = 9659916525B8B054002A23BD /* MainCoordinator.swift */; };
		965991FA25BD7D50002A23BD /* BaseTableController.swift in Sources */ = {isa = PBXBuildFile; fileRef = 965991F925BD7D50002A23BD /* BaseTableController.swift */; };
		965991FE25BD7F4A002A23BD /* BaseTableView.swift in Sources */ = {isa = PBXBuildFile; fileRef = 965991FD25BD7F4A002A23BD /* BaseTableView.swift */; };
		9659920225BD80ED002A23BD /* MainViewController.swift in Sources */ = {isa = PBXBuildFile; fileRef = 9659920125BD80ED002A23BD /* MainViewController.swift */; };
		9659920625BD8304002A23BD /* MainBuilder.swift in Sources */ = {isa = PBXBuildFile; fileRef = 9659920525BD8304002A23BD /* MainBuilder.swift */; };
		9659920F25BD84AD002A23BD /* DefaultCellView.swift in Sources */ = {isa = PBXBuildFile; fileRef = 9659920E25BD84AD002A23BD /* DefaultCellView.swift */; };
		96C5E41525A5BD6B00E374B7 /* AppDelegate.swift in Sources */ = {isa = PBXBuildFile; fileRef = 96C5E41425A5BD6B00E374B7 /* AppDelegate.swift */; };
		96C5E41E25A5BD6C00E374B7 /* Assets.xcassets in Resources */ = {isa = PBXBuildFile; fileRef = 96C5E41D25A5BD6C00E374B7 /* Assets.xcassets */; };
		96C5E42125A5BD6C00E374B7 /* LaunchScreen.storyboard in Resources */ = {isa = PBXBuildFile; fileRef = 96C5E41F25A5BD6C00E374B7 /* LaunchScreen.storyboard */; };
		96F4B0CF25C41A5B00E8339E /* DefaultCellViewModel.swift in Sources */ = {isa = PBXBuildFile; fileRef = 96F4B0CE25C41A5B00E8339E /* DefaultCellViewModel.swift */; };
		96F4B0D725C41C7600E8339E /* ConfigurableView.swift in Sources */ = {isa = PBXBuildFile; fileRef = 96F4B0D625C41C7600E8339E /* ConfigurableView.swift */; };
		96F4B0DC25C41DCF00E8339E /* ContainerTableCell.swift in Sources */ = {isa = PBXBuildFile; fileRef = 96F4B0DB25C41DCF00E8339E /* ContainerTableCell.swift */; };
		96F4B0E225C41E9100E8339E /* BaseTableViewCell.swift in Sources */ = {isa = PBXBuildFile; fileRef = 96F4B0E125C41E9100E8339E /* BaseTableViewCell.swift */; };
		96F4B0E725C420CC00E8339E /* DefaultCellContainer.swift in Sources */ = {isa = PBXBuildFile; fileRef = 96F4B0E625C420CC00E8339E /* DefaultCellContainer.swift */; };
		96F4B0EA25C427DE00E8339E /* BaseContentInput.swift in Sources */ = {isa = PBXBuildFile; fileRef = 96F4B0E925C427DE00E8339E /* BaseContentInput.swift */; };
		B84D0A6F0F874A7BA1770CE5 /* Pods_MoneyKeeper.framework in Frameworks */ = {isa = PBXBuildFile; fileRef = 655B31EEA48C2F26B86A21C7 /* Pods_MoneyKeeper.framework */; };
/* End PBXBuildFile section */

/* Begin PBXFileReference section */
		000B42E85F7F77B09B44A082 /* Pods-MoneyKeeper.release.xcconfig */ = {isa = PBXFileReference; includeInIndex = 1; lastKnownFileType = text.xcconfig; name = "Pods-MoneyKeeper.release.xcconfig"; path = "Target Support Files/Pods-MoneyKeeper/Pods-MoneyKeeper.release.xcconfig"; sourceTree = "<group>"; };
		655B31EEA48C2F26B86A21C7 /* Pods_MoneyKeeper.framework */ = {isa = PBXFileReference; explicitFileType = wrapper.framework; includeInIndex = 0; path = Pods_MoneyKeeper.framework; sourceTree = BUILT_PRODUCTS_DIR; };
		965049CB25C566EC00F4D960 /* TableSection+OnlyRows.swift */ = {isa = PBXFileReference; lastKnownFileType = sourcecode.swift; path = "TableSection+OnlyRows.swift"; sourceTree = "<group>"; };
		965990A625B44B46002A23BD /* BaseViewController.swift */ = {isa = PBXFileReference; lastKnownFileType = sourcecode.swift; path = BaseViewController.swift; sourceTree = "<group>"; };
		965990C325B615BE002A23BD /* BaseView.swift */ = {isa = PBXFileReference; lastKnownFileType = sourcecode.swift; path = BaseView.swift; sourceTree = "<group>"; };
		9659912525B898DC002A23BD /* ModuleBuilder.swift */ = {isa = PBXFileReference; lastKnownFileType = sourcecode.swift; path = ModuleBuilder.swift; sourceTree = "<group>"; };
		9659912825B8990C002A23BD /* ModuleFactory+MainModule.swift */ = {isa = PBXFileReference; lastKnownFileType = sourcecode.swift; path = "ModuleFactory+MainModule.swift"; sourceTree = "<group>"; };
		9659912B25B89AA4002A23BD /* MainViewModel.swift */ = {isa = PBXFileReference; lastKnownFileType = sourcecode.swift; path = MainViewModel.swift; sourceTree = "<group>"; };
		9659915A25B8A580002A23BD /* RxViewModel.swift */ = {isa = PBXFileReference; lastKnownFileType = sourcecode.swift; path = RxViewModel.swift; sourceTree = "<group>"; };
		9659916225B8AFCC002A23BD /* ICoordiator.swift */ = {isa = PBXFileReference; lastKnownFileType = sourcecode.swift; path = ICoordiator.swift; sourceTree = "<group>"; };
		9659916525B8B054002A23BD /* MainCoordinator.swift */ = {isa = PBXFileReference; lastKnownFileType = sourcecode.swift; path = MainCoordinator.swift; sourceTree = "<group>"; };
		965991F925BD7D50002A23BD /* BaseTableController.swift */ = {isa = PBXFileReference; lastKnownFileType = sourcecode.swift; path = BaseTableController.swift; sourceTree = "<group>"; };
		965991FD25BD7F4A002A23BD /* BaseTableView.swift */ = {isa = PBXFileReference; lastKnownFileType = sourcecode.swift; path = BaseTableView.swift; sourceTree = "<group>"; };
		9659920125BD80ED002A23BD /* MainViewController.swift */ = {isa = PBXFileReference; lastKnownFileType = sourcecode.swift; path = MainViewController.swift; sourceTree = "<group>"; };
		9659920525BD8304002A23BD /* MainBuilder.swift */ = {isa = PBXFileReference; lastKnownFileType = sourcecode.swift; path = MainBuilder.swift; sourceTree = "<group>"; };
		9659920E25BD84AD002A23BD /* DefaultCellView.swift */ = {isa = PBXFileReference; lastKnownFileType = sourcecode.swift; path = DefaultCellView.swift; sourceTree = "<group>"; };
		96C5E41125A5BD6B00E374B7 /* MoneyKeeper.app */ = {isa = PBXFileReference; explicitFileType = wrapper.application; includeInIndex = 0; path = MoneyKeeper.app; sourceTree = BUILT_PRODUCTS_DIR; };
		96C5E41425A5BD6B00E374B7 /* AppDelegate.swift */ = {isa = PBXFileReference; lastKnownFileType = sourcecode.swift; path = AppDelegate.swift; sourceTree = "<group>"; };
		96C5E41D25A5BD6C00E374B7 /* Assets.xcassets */ = {isa = PBXFileReference; lastKnownFileType = folder.assetcatalog; path = Assets.xcassets; sourceTree = "<group>"; };
		96C5E42025A5BD6C00E374B7 /* Base */ = {isa = PBXFileReference; lastKnownFileType = file.storyboard; name = Base; path = Base.lproj/LaunchScreen.storyboard; sourceTree = "<group>"; };
		96C5E42225A5BD6C00E374B7 /* Info.plist */ = {isa = PBXFileReference; lastKnownFileType = text.plist.xml; path = Info.plist; sourceTree = "<group>"; };
		96F4B0CE25C41A5B00E8339E /* DefaultCellViewModel.swift */ = {isa = PBXFileReference; lastKnownFileType = sourcecode.swift; path = DefaultCellViewModel.swift; sourceTree = "<group>"; };
		96F4B0D625C41C7600E8339E /* ConfigurableView.swift */ = {isa = PBXFileReference; lastKnownFileType = sourcecode.swift; path = ConfigurableView.swift; sourceTree = "<group>"; };
		96F4B0DB25C41DCF00E8339E /* ContainerTableCell.swift */ = {isa = PBXFileReference; lastKnownFileType = sourcecode.swift; path = ContainerTableCell.swift; sourceTree = "<group>"; };
		96F4B0E125C41E9100E8339E /* BaseTableViewCell.swift */ = {isa = PBXFileReference; lastKnownFileType = sourcecode.swift; path = BaseTableViewCell.swift; sourceTree = "<group>"; };
		96F4B0E625C420CC00E8339E /* DefaultCellContainer.swift */ = {isa = PBXFileReference; lastKnownFileType = sourcecode.swift; path = DefaultCellContainer.swift; sourceTree = "<group>"; };
		96F4B0E925C427DE00E8339E /* BaseContentInput.swift */ = {isa = PBXFileReference; lastKnownFileType = sourcecode.swift; path = BaseContentInput.swift; sourceTree = "<group>"; };
		C72F3F14515A182E96A67A2F /* Pods-MoneyKeeper.debug.xcconfig */ = {isa = PBXFileReference; includeInIndex = 1; lastKnownFileType = text.xcconfig; name = "Pods-MoneyKeeper.debug.xcconfig"; path = "Target Support Files/Pods-MoneyKeeper/Pods-MoneyKeeper.debug.xcconfig"; sourceTree = "<group>"; };
/* End PBXFileReference section */

/* Begin PBXFrameworksBuildPhase section */
		96C5E40E25A5BD6B00E374B7 /* Frameworks */ = {
			isa = PBXFrameworksBuildPhase;
			buildActionMask = 2147483647;
			files = (
				B84D0A6F0F874A7BA1770CE5 /* Pods_MoneyKeeper.framework in Frameworks */,
			);
			runOnlyForDeploymentPostprocessing = 0;
		};
/* End PBXFrameworksBuildPhase section */

/* Begin PBXGroup section */
		2A055ED933CDF92A070CB48C /* Pods */ = {
			isa = PBXGroup;
			children = (
				C72F3F14515A182E96A67A2F /* Pods-MoneyKeeper.debug.xcconfig */,
				000B42E85F7F77B09B44A082 /* Pods-MoneyKeeper.release.xcconfig */,
			);
			path = Pods;
			sourceTree = "<group>";
		};
		30D44F94B445762FCB2EF73B /* Frameworks */ = {
			isa = PBXGroup;
			children = (
				655B31EEA48C2F26B86A21C7 /* Pods_MoneyKeeper.framework */,
			);
			name = Frameworks;
			sourceTree = "<group>";
		};
		961B5E5025A890C500C7BADE /* Controllers */ = {
			isa = PBXGroup;
			children = (
				9659911E25B89753002A23BD /* MainViewControler */,
			);
			path = Controllers;
			sourceTree = "<group>";
		};
		9659911E25B89753002A23BD /* MainViewControler */ = {
			isa = PBXGroup;
			children = (
				9659911F25B8975F002A23BD /* Assembly */,
				9659912125B8976D002A23BD /* ViewModel */,
				9659912025B89767002A23BD /* View */,
			);
			path = MainViewControler;
			sourceTree = "<group>";
		};
		9659911F25B8975F002A23BD /* Assembly */ = {
			isa = PBXGroup;
			children = (
				9659912825B8990C002A23BD /* ModuleFactory+MainModule.swift */,
			);
			path = Assembly;
			sourceTree = "<group>";
		};
		9659912025B89767002A23BD /* View */ = {
			isa = PBXGroup;
			children = (
				9659920125BD80ED002A23BD /* MainViewController.swift */,
				9659920525BD8304002A23BD /* MainBuilder.swift */,
			);
			path = View;
			sourceTree = "<group>";
		};
		9659912125B8976D002A23BD /* ViewModel */ = {
			isa = PBXGroup;
			children = (
				9659912B25B89AA4002A23BD /* MainViewModel.swift */,
			);
			path = ViewModel;
			sourceTree = "<group>";
		};
		9659915825B8A56D002A23BD /* Models */ = {
			isa = PBXGroup;
			children = (
				9659916125B8AFA9002A23BD /* Coordinator */,
				9659915925B8A578002A23BD /* Rx */,
			);
			path = Models;
			sourceTree = "<group>";
		};
		9659915925B8A578002A23BD /* Rx */ = {
			isa = PBXGroup;
			children = (
				9659915A25B8A580002A23BD /* RxViewModel.swift */,
			);
			path = Rx;
			sourceTree = "<group>";
		};
		9659916125B8AFA9002A23BD /* Coordinator */ = {
			isa = PBXGroup;
			children = (
				9659916225B8AFCC002A23BD /* ICoordiator.swift */,
				9659916525B8B054002A23BD /* MainCoordinator.swift */,
			);
			path = Coordinator;
			sourceTree = "<group>";
		};
		965991F825BD7D2D002A23BD /* BaseTableController */ = {
			isa = PBXGroup;
			children = (
				965991F925BD7D50002A23BD /* BaseTableController.swift */,
				965991FD25BD7F4A002A23BD /* BaseTableView.swift */,
			);
			path = BaseTableController;
			sourceTree = "<group>";
		};
		9659920825BD836F002A23BD /* View */ = {
			isa = PBXGroup;
			children = (
				9659920E25BD84AD002A23BD /* DefaultCellView.swift */,
				96F4B0CE25C41A5B00E8339E /* DefaultCellViewModel.swift */,
			);
			path = View;
			sourceTree = "<group>";
		};
		96C5E40825A5BD6B00E374B7 = {
			isa = PBXGroup;
			children = (
				96C5E41325A5BD6B00E374B7 /* MoneyKeeper */,
				96C5E41225A5BD6B00E374B7 /* Products */,
				2A055ED933CDF92A070CB48C /* Pods */,
				30D44F94B445762FCB2EF73B /* Frameworks */,
			);
			sourceTree = "<group>";
		};
		96C5E41225A5BD6B00E374B7 /* Products */ = {
			isa = PBXGroup;
			children = (
				96C5E41125A5BD6B00E374B7 /* MoneyKeeper.app */,
			);
			name = Products;
			sourceTree = "<group>";
		};
		96C5E41325A5BD6B00E374B7 /* MoneyKeeper */ = {
			isa = PBXGroup;
			children = (
				96C5E42E25A5BE1E00E374B7 /* Application */,
				96C5E43225A5BE7700E374B7 /* Business logic */,
				96C5E43125A5BE6F00E374B7 /* Presentation */,
				96C5E45025A5C27B00E374B7 /* Utils */,
				96C5E44525A5C10A00E374B7 /* Extensions */,
				96C5E43025A5BE5A00E374B7 /* Resources */,
			);
			path = MoneyKeeper;
			sourceTree = "<group>";
		};
		96C5E42E25A5BE1E00E374B7 /* Application */ = {
			isa = PBXGroup;
			children = (
				96C5E41F25A5BD6C00E374B7 /* LaunchScreen.storyboard */,
				96C5E41425A5BD6B00E374B7 /* AppDelegate.swift */,
				96C5E42225A5BD6C00E374B7 /* Info.plist */,
			);
			path = Application;
			sourceTree = "<group>";
		};
		96C5E43025A5BE5A00E374B7 /* Resources */ = {
			isa = PBXGroup;
			children = (
				96C5E41D25A5BD6C00E374B7 /* Assets.xcassets */,
			);
			path = Resources;
			sourceTree = "<group>";
		};
		96C5E43125A5BE6F00E374B7 /* Presentation */ = {
			isa = PBXGroup;
			children = (
				96F4B0DF25C41E5600E8339E /* Base */,
				96F4B0DA25C41CC800E8339E /* Cells */,
				96F4B0D925C41CAA00E8339E /* Protocols */,
				9659920825BD836F002A23BD /* View */,
				9659915825B8A56D002A23BD /* Models */,
				961B5E5025A890C500C7BADE /* Controllers */,
			);
			path = Presentation;
			sourceTree = "<group>";
		};
		96C5E43225A5BE7700E374B7 /* Business logic */ = {
			isa = PBXGroup;
			children = (
				96C5E43425A5BE8C00E374B7 /* Service */,
				9659912525B898DC002A23BD /* ModuleBuilder.swift */,
			);
			path = "Business logic";
			sourceTree = "<group>";
		};
		96C5E43425A5BE8C00E374B7 /* Service */ = {
			isa = PBXGroup;
			children = (
			);
			path = Service;
			sourceTree = "<group>";
		};
		96C5E44525A5C10A00E374B7 /* Extensions */ = {
			isa = PBXGroup;
			children = (
				965049CB25C566EC00F4D960 /* TableSection+OnlyRows.swift */,
			);
			path = Extensions;
			sourceTree = "<group>";
		};
		96C5E45025A5C27B00E374B7 /* Utils */ = {
			isa = PBXGroup;
			children = (
			);
			path = Utils;
			sourceTree = "<group>";
		};
		96F4B0D925C41CAA00E8339E /* Protocols */ = {
			isa = PBXGroup;
			children = (
				96F4B0D625C41C7600E8339E /* ConfigurableView.swift */,
				96F4B0E925C427DE00E8339E /* BaseContentInput.swift */,
			);
			path = Protocols;
			sourceTree = "<group>";
		};
		96F4B0DA25C41CC800E8339E /* Cells */ = {
			isa = PBXGroup;
			children = (
				96F4B0DB25C41DCF00E8339E /* ContainerTableCell.swift */,
				96F4B0E625C420CC00E8339E /* DefaultCellContainer.swift */,
			);
			path = Cells;
			sourceTree = "<group>";
		};
		96F4B0DF25C41E5600E8339E /* Base */ = {
			isa = PBXGroup;
			children = (
				965991F825BD7D2D002A23BD /* BaseTableController */,
				965990C325B615BE002A23BD /* BaseView.swift */,
				965990A625B44B46002A23BD /* BaseViewController.swift */,
				96F4B0E125C41E9100E8339E /* BaseTableViewCell.swift */,
			);
			path = Base;
			sourceTree = "<group>";
		};
/* End PBXGroup section */

/* Begin PBXNativeTarget section */
		96C5E41025A5BD6B00E374B7 /* MoneyKeeper */ = {
			isa = PBXNativeTarget;
			buildConfigurationList = 96C5E42525A5BD6C00E374B7 /* Build configuration list for PBXNativeTarget "MoneyKeeper" */;
			buildPhases = (
				F8EDBF068F87B21ABB37DCBA /* [CP] Check Pods Manifest.lock */,
				96C5E40D25A5BD6B00E374B7 /* Sources */,
				96C5E40E25A5BD6B00E374B7 /* Frameworks */,
				96C5E40F25A5BD6B00E374B7 /* Resources */,
				0A7631C2F633A3B01D996DD5 /* [CP] Embed Pods Frameworks */,
			);
			buildRules = (
			);
			dependencies = (
			);
			name = MoneyKeeper;
			productName = MoneyKeeper;
			productReference = 96C5E41125A5BD6B00E374B7 /* MoneyKeeper.app */;
			productType = "com.apple.product-type.application";
		};
/* End PBXNativeTarget section */

/* Begin PBXProject section */
		96C5E40925A5BD6B00E374B7 /* Project object */ = {
			isa = PBXProject;
			attributes = {
				LastSwiftUpdateCheck = 1230;
				LastUpgradeCheck = 1230;
				TargetAttributes = {
					96C5E41025A5BD6B00E374B7 = {
						CreatedOnToolsVersion = 12.3;
					};
				};
			};
			buildConfigurationList = 96C5E40C25A5BD6B00E374B7 /* Build configuration list for PBXProject "MoneyKeeper" */;
			compatibilityVersion = "Xcode 9.3";
			developmentRegion = en;
			hasScannedForEncodings = 0;
			knownRegions = (
				en,
				Base,
			);
			mainGroup = 96C5E40825A5BD6B00E374B7;
			productRefGroup = 96C5E41225A5BD6B00E374B7 /* Products */;
			projectDirPath = "";
			projectRoot = "";
			targets = (
				96C5E41025A5BD6B00E374B7 /* MoneyKeeper */,
			);
		};
/* End PBXProject section */

/* Begin PBXResourcesBuildPhase section */
		96C5E40F25A5BD6B00E374B7 /* Resources */ = {
			isa = PBXResourcesBuildPhase;
			buildActionMask = 2147483647;
			files = (
				96C5E42125A5BD6C00E374B7 /* LaunchScreen.storyboard in Resources */,
				96C5E41E25A5BD6C00E374B7 /* Assets.xcassets in Resources */,
			);
			runOnlyForDeploymentPostprocessing = 0;
		};
/* End PBXResourcesBuildPhase section */

/* Begin PBXShellScriptBuildPhase section */
		0A7631C2F633A3B01D996DD5 /* [CP] Embed Pods Frameworks */ = {
			isa = PBXShellScriptBuildPhase;
			buildActionMask = 2147483647;
			files = (
			);
			inputFileListPaths = (
				"${PODS_ROOT}/Target Support Files/Pods-MoneyKeeper/Pods-MoneyKeeper-frameworks-${CONFIGURATION}-input-files.xcfilelist",
			);
			name = "[CP] Embed Pods Frameworks";
			outputFileListPaths = (
				"${PODS_ROOT}/Target Support Files/Pods-MoneyKeeper/Pods-MoneyKeeper-frameworks-${CONFIGURATION}-output-files.xcfilelist",
			);
			runOnlyForDeploymentPostprocessing = 0;
			shellPath = /bin/sh;
			shellScript = "\"${PODS_ROOT}/Target Support Files/Pods-MoneyKeeper/Pods-MoneyKeeper-frameworks.sh\"\n";
			showEnvVarsInLog = 0;
		};
		F8EDBF068F87B21ABB37DCBA /* [CP] Check Pods Manifest.lock */ = {
			isa = PBXShellScriptBuildPhase;
			buildActionMask = 2147483647;
			files = (
			);
			inputFileListPaths = (
			);
			inputPaths = (
				"${PODS_PODFILE_DIR_PATH}/Podfile.lock",
				"${PODS_ROOT}/Manifest.lock",
			);
			name = "[CP] Check Pods Manifest.lock";
			outputFileListPaths = (
			);
			outputPaths = (
				"$(DERIVED_FILE_DIR)/Pods-MoneyKeeper-checkManifestLockResult.txt",
			);
			runOnlyForDeploymentPostprocessing = 0;
			shellPath = /bin/sh;
			shellScript = "diff \"${PODS_PODFILE_DIR_PATH}/Podfile.lock\" \"${PODS_ROOT}/Manifest.lock\" > /dev/null\nif [ $? != 0 ] ; then\n    # print error to STDERR\n    echo \"error: The sandbox is not in sync with the Podfile.lock. Run 'pod install' or update your CocoaPods installation.\" >&2\n    exit 1\nfi\n# This output is used by Xcode 'outputs' to avoid re-running this script phase.\necho \"SUCCESS\" > \"${SCRIPT_OUTPUT_FILE_0}\"\n";
			showEnvVarsInLog = 0;
		};
/* End PBXShellScriptBuildPhase section */

/* Begin PBXSourcesBuildPhase section */
		96C5E40D25A5BD6B00E374B7 /* Sources */ = {
			isa = PBXSourcesBuildPhase;
			buildActionMask = 2147483647;
			files = (
				9659920225BD80ED002A23BD /* MainViewController.swift in Sources */,
				96F4B0E225C41E9100E8339E /* BaseTableViewCell.swift in Sources */,
				9659912C25B89AA4002A23BD /* MainViewModel.swift in Sources */,
				965990A725B44B46002A23BD /* BaseViewController.swift in Sources */,
				96C5E41525A5BD6B00E374B7 /* AppDelegate.swift in Sources */,
				965991FE25BD7F4A002A23BD /* BaseTableView.swift in Sources */,
				9659920625BD8304002A23BD /* MainBuilder.swift in Sources */,
				9659912625B898DC002A23BD /* ModuleBuilder.swift in Sources */,
				96F4B0DC25C41DCF00E8339E /* ContainerTableCell.swift in Sources */,
				96F4B0CF25C41A5B00E8339E /* DefaultCellViewModel.swift in Sources */,
				9659916325B8AFCC002A23BD /* ICoordiator.swift in Sources */,
				96F4B0E725C420CC00E8339E /* DefaultCellContainer.swift in Sources */,
				965991FA25BD7D50002A23BD /* BaseTableController.swift in Sources */,
				965990C425B615BE002A23BD /* BaseView.swift in Sources */,
				9659915B25B8A580002A23BD /* RxViewModel.swift in Sources */,
				9659916625B8B054002A23BD /* MainCoordinator.swift in Sources */,
				96F4B0D725C41C7600E8339E /* ConfigurableView.swift in Sources */,
				9659920F25BD84AD002A23BD /* DefaultCellView.swift in Sources */,
				9659912925B8990C002A23BD /* ModuleFactory+MainModule.swift in Sources */,
				96F4B0EA25C427DE00E8339E /* BaseContentInput.swift in Sources */,
				965049CC25C566EC00F4D960 /* TableSection+OnlyRows.swift in Sources */,
			);
			runOnlyForDeploymentPostprocessing = 0;
		};
/* End PBXSourcesBuildPhase section */

/* Begin PBXVariantGroup section */
		96C5E41F25A5BD6C00E374B7 /* LaunchScreen.storyboard */ = {
			isa = PBXVariantGroup;
			children = (
				96C5E42025A5BD6C00E374B7 /* Base */,
			);
			name = LaunchScreen.storyboard;
			sourceTree = "<group>";
		};
/* End PBXVariantGroup section */

/* Begin XCBuildConfiguration section */
		96C5E42325A5BD6C00E374B7 /* Debug */ = {
			isa = XCBuildConfiguration;
			buildSettings = {
				ALWAYS_SEARCH_USER_PATHS = NO;
				CLANG_ANALYZER_NONNULL = YES;
				CLANG_ANALYZER_NUMBER_OBJECT_CONVERSION = YES_AGGRESSIVE;
				CLANG_CXX_LANGUAGE_STANDARD = "gnu++14";
				CLANG_CXX_LIBRARY = "libc++";
				CLANG_ENABLE_MODULES = YES;
				CLANG_ENABLE_OBJC_ARC = YES;
				CLANG_ENABLE_OBJC_WEAK = YES;
				CLANG_WARN_BLOCK_CAPTURE_AUTORELEASING = YES;
				CLANG_WARN_BOOL_CONVERSION = YES;
				CLANG_WARN_COMMA = YES;
				CLANG_WARN_CONSTANT_CONVERSION = YES;
				CLANG_WARN_DEPRECATED_OBJC_IMPLEMENTATIONS = YES;
				CLANG_WARN_DIRECT_OBJC_ISA_USAGE = YES_ERROR;
				CLANG_WARN_DOCUMENTATION_COMMENTS = YES;
				CLANG_WARN_EMPTY_BODY = YES;
				CLANG_WARN_ENUM_CONVERSION = YES;
				CLANG_WARN_INFINITE_RECURSION = YES;
				CLANG_WARN_INT_CONVERSION = YES;
				CLANG_WARN_NON_LITERAL_NULL_CONVERSION = YES;
				CLANG_WARN_OBJC_IMPLICIT_RETAIN_SELF = YES;
				CLANG_WARN_OBJC_LITERAL_CONVERSION = YES;
				CLANG_WARN_OBJC_ROOT_CLASS = YES_ERROR;
				CLANG_WARN_QUOTED_INCLUDE_IN_FRAMEWORK_HEADER = YES;
				CLANG_WARN_RANGE_LOOP_ANALYSIS = YES;
				CLANG_WARN_STRICT_PROTOTYPES = YES;
				CLANG_WARN_SUSPICIOUS_MOVE = YES;
				CLANG_WARN_UNGUARDED_AVAILABILITY = YES_AGGRESSIVE;
				CLANG_WARN_UNREACHABLE_CODE = YES;
				CLANG_WARN__DUPLICATE_METHOD_MATCH = YES;
				COPY_PHASE_STRIP = NO;
				DEBUG_INFORMATION_FORMAT = dwarf;
				ENABLE_STRICT_OBJC_MSGSEND = YES;
				ENABLE_TESTABILITY = YES;
				GCC_C_LANGUAGE_STANDARD = gnu11;
				GCC_DYNAMIC_NO_PIC = NO;
				GCC_NO_COMMON_BLOCKS = YES;
				GCC_OPTIMIZATION_LEVEL = 0;
				GCC_PREPROCESSOR_DEFINITIONS = (
					"DEBUG=1",
					"$(inherited)",
				);
				GCC_WARN_64_TO_32_BIT_CONVERSION = YES;
				GCC_WARN_ABOUT_RETURN_TYPE = YES_ERROR;
				GCC_WARN_UNDECLARED_SELECTOR = YES;
				GCC_WARN_UNINITIALIZED_AUTOS = YES_AGGRESSIVE;
				GCC_WARN_UNUSED_FUNCTION = YES;
				GCC_WARN_UNUSED_VARIABLE = YES;
				IPHONEOS_DEPLOYMENT_TARGET = 14.3;
				MTL_ENABLE_DEBUG_INFO = INCLUDE_SOURCE;
				MTL_FAST_MATH = YES;
				ONLY_ACTIVE_ARCH = YES;
				SDKROOT = iphoneos;
				SWIFT_ACTIVE_COMPILATION_CONDITIONS = DEBUG;
				SWIFT_OPTIMIZATION_LEVEL = "-Onone";
			};
			name = Debug;
		};
		96C5E42425A5BD6C00E374B7 /* Release */ = {
			isa = XCBuildConfiguration;
			buildSettings = {
				ALWAYS_SEARCH_USER_PATHS = NO;
				CLANG_ANALYZER_NONNULL = YES;
				CLANG_ANALYZER_NUMBER_OBJECT_CONVERSION = YES_AGGRESSIVE;
				CLANG_CXX_LANGUAGE_STANDARD = "gnu++14";
				CLANG_CXX_LIBRARY = "libc++";
				CLANG_ENABLE_MODULES = YES;
				CLANG_ENABLE_OBJC_ARC = YES;
				CLANG_ENABLE_OBJC_WEAK = YES;
				CLANG_WARN_BLOCK_CAPTURE_AUTORELEASING = YES;
				CLANG_WARN_BOOL_CONVERSION = YES;
				CLANG_WARN_COMMA = YES;
				CLANG_WARN_CONSTANT_CONVERSION = YES;
				CLANG_WARN_DEPRECATED_OBJC_IMPLEMENTATIONS = YES;
				CLANG_WARN_DIRECT_OBJC_ISA_USAGE = YES_ERROR;
				CLANG_WARN_DOCUMENTATION_COMMENTS = YES;
				CLANG_WARN_EMPTY_BODY = YES;
				CLANG_WARN_ENUM_CONVERSION = YES;
				CLANG_WARN_INFINITE_RECURSION = YES;
				CLANG_WARN_INT_CONVERSION = YES;
				CLANG_WARN_NON_LITERAL_NULL_CONVERSION = YES;
				CLANG_WARN_OBJC_IMPLICIT_RETAIN_SELF = YES;
				CLANG_WARN_OBJC_LITERAL_CONVERSION = YES;
				CLANG_WARN_OBJC_ROOT_CLASS = YES_ERROR;
				CLANG_WARN_QUOTED_INCLUDE_IN_FRAMEWORK_HEADER = YES;
				CLANG_WARN_RANGE_LOOP_ANALYSIS = YES;
				CLANG_WARN_STRICT_PROTOTYPES = YES;
				CLANG_WARN_SUSPICIOUS_MOVE = YES;
				CLANG_WARN_UNGUARDED_AVAILABILITY = YES_AGGRESSIVE;
				CLANG_WARN_UNREACHABLE_CODE = YES;
				CLANG_WARN__DUPLICATE_METHOD_MATCH = YES;
				COPY_PHASE_STRIP = NO;
				DEBUG_INFORMATION_FORMAT = "dwarf-with-dsym";
				ENABLE_NS_ASSERTIONS = NO;
				ENABLE_STRICT_OBJC_MSGSEND = YES;
				GCC_C_LANGUAGE_STANDARD = gnu11;
				GCC_NO_COMMON_BLOCKS = YES;
				GCC_WARN_64_TO_32_BIT_CONVERSION = YES;
				GCC_WARN_ABOUT_RETURN_TYPE = YES_ERROR;
				GCC_WARN_UNDECLARED_SELECTOR = YES;
				GCC_WARN_UNINITIALIZED_AUTOS = YES_AGGRESSIVE;
				GCC_WARN_UNUSED_FUNCTION = YES;
				GCC_WARN_UNUSED_VARIABLE = YES;
				IPHONEOS_DEPLOYMENT_TARGET = 14.3;
				MTL_ENABLE_DEBUG_INFO = NO;
				MTL_FAST_MATH = YES;
				SDKROOT = iphoneos;
				SWIFT_COMPILATION_MODE = wholemodule;
				SWIFT_OPTIMIZATION_LEVEL = "-O";
				VALIDATE_PRODUCT = YES;
			};
			name = Release;
		};
		96C5E42625A5BD6C00E374B7 /* Debug */ = {
			isa = XCBuildConfiguration;
			baseConfigurationReference = C72F3F14515A182E96A67A2F /* Pods-MoneyKeeper.debug.xcconfig */;
			buildSettings = {
				ASSETCATALOG_COMPILER_APPICON_NAME = AppIcon;
				ASSETCATALOG_COMPILER_GLOBAL_ACCENT_COLOR_NAME = AccentColor;
				CODE_SIGN_STYLE = Automatic;
				DEVELOPMENT_TEAM = JJLJJKU7AK;
				INFOPLIST_FILE = "$(SRCROOT)/MoneyKeeper/Application/Info.plist";
				IPHONEOS_DEPLOYMENT_TARGET = 11.0;
				LD_RUNPATH_SEARCH_PATHS = (
					"$(inherited)",
					"@executable_path/Frameworks",
				);
				PRODUCT_BUNDLE_IDENTIFIER = b0sya.MoneyKeeper;
				PRODUCT_NAME = "$(TARGET_NAME)";
				SWIFT_VERSION = 5.0;
				TARGETED_DEVICE_FAMILY = 1;
			};
			name = Debug;
		};
		96C5E42725A5BD6C00E374B7 /* Release */ = {
			isa = XCBuildConfiguration;
			baseConfigurationReference = 000B42E85F7F77B09B44A082 /* Pods-MoneyKeeper.release.xcconfig */;
			buildSettings = {
				ASSETCATALOG_COMPILER_APPICON_NAME = AppIcon;
				ASSETCATALOG_COMPILER_GLOBAL_ACCENT_COLOR_NAME = AccentColor;
				CODE_SIGN_STYLE = Automatic;
				DEVELOPMENT_TEAM = JJLJJKU7AK;
				INFOPLIST_FILE = "$(SRCROOT)/MoneyKeeper/Application/Info.plist";
				IPHONEOS_DEPLOYMENT_TARGET = 11.0;
				LD_RUNPATH_SEARCH_PATHS = (
					"$(inherited)",
					"@executable_path/Frameworks",
				);
				PRODUCT_BUNDLE_IDENTIFIER = b0sya.MoneyKeeper;
				PRODUCT_NAME = "$(TARGET_NAME)";
				SWIFT_VERSION = 5.0;
				TARGETED_DEVICE_FAMILY = 1;
			};
			name = Release;
		};
/* End XCBuildConfiguration section */

/* Begin XCConfigurationList section */
		96C5E40C25A5BD6B00E374B7 /* Build configuration list for PBXProject "MoneyKeeper" */ = {
			isa = XCConfigurationList;
			buildConfigurations = (
				96C5E42325A5BD6C00E374B7 /* Debug */,
				96C5E42425A5BD6C00E374B7 /* Release */,
			);
			defaultConfigurationIsVisible = 0;
			defaultConfigurationName = Release;
		};
		96C5E42525A5BD6C00E374B7 /* Build configuration list for PBXNativeTarget "MoneyKeeper" */ = {
			isa = XCConfigurationList;
			buildConfigurations = (
				96C5E42625A5BD6C00E374B7 /* Debug */,
				96C5E42725A5BD6C00E374B7 /* Release */,
			);
			defaultConfigurationIsVisible = 0;
			defaultConfigurationName = Release;
		};
/* End XCConfigurationList section */
	};
	rootObject = 96C5E40925A5BD6B00E374B7 /* Project object */;
}
