// !$*UTF8*$!
{
	archiveVersion = 1;
	classes = {
	};
	objectVersion = 51;
	objects = {

/* Begin PBXBuildFile section */
		065F7FEC25E268C000597A94 /* BaseTableBuilder.swift in Sources */ = {isa = PBXBuildFile; fileRef = 065F7FEB25E268C000597A94 /* BaseTableBuilder.swift */; };
		068B884C25FCFA19004E81F2 /* FirestoreModel.swift in Sources */ = {isa = PBXBuildFile; fileRef = 068B884B25FCFA19004E81F2 /* FirestoreModel.swift */; };
		068B885325FCFB08004E81F2 /* FAccount.swift in Sources */ = {isa = PBXBuildFile; fileRef = 068B885225FCFB08004E81F2 /* FAccount.swift */; };
		068B885625FCFD67004E81F2 /* FTransaction.swift in Sources */ = {isa = PBXBuildFile; fileRef = 068B885525FCFD67004E81F2 /* FTransaction.swift */; };
		068B885925FD010B004E81F2 /* FCategory.swift in Sources */ = {isa = PBXBuildFile; fileRef = 068B885825FD010B004E81F2 /* FCategory.swift */; };
		068B885E25FD0335004E81F2 /* FirebaseStorage.swift in Sources */ = {isa = PBXBuildFile; fileRef = 068B885D25FD0335004E81F2 /* FirebaseStorage.swift */; };
		068B886225FD0357004E81F2 /* StorageProvider.swift in Sources */ = {isa = PBXBuildFile; fileRef = 068B886125FD0357004E81F2 /* StorageProvider.swift */; };
		068B886E25FE2CAB004E81F2 /* ModuleFactory+AccountInfo.swift in Sources */ = {isa = PBXBuildFile; fileRef = 068B886D25FE2CAB004E81F2 /* ModuleFactory+AccountInfo.swift */; };
		068B887125FE2CBA004E81F2 /* AccuntInfoViewModel.swift in Sources */ = {isa = PBXBuildFile; fileRef = 068B887025FE2CBA004E81F2 /* AccuntInfoViewModel.swift */; };
		068B887425FE2CCD004E81F2 /* AccountInfoViewController.swift in Sources */ = {isa = PBXBuildFile; fileRef = 068B887325FE2CCD004E81F2 /* AccountInfoViewController.swift */; };
		068B887825FE2D91004E81F2 /* AcountInfoCellView.swift in Sources */ = {isa = PBXBuildFile; fileRef = 068B887725FE2D91004E81F2 /* AcountInfoCellView.swift */; };
		068B887B25FE2F12004E81F2 /* AccountInfoCellViewModel.swift in Sources */ = {isa = PBXBuildFile; fileRef = 068B887A25FE2F12004E81F2 /* AccountInfoCellViewModel.swift */; };
		068B888125FE2FAA004E81F2 /* TransactionCellView.swift in Sources */ = {isa = PBXBuildFile; fileRef = 068B888025FE2FAA004E81F2 /* TransactionCellView.swift */; };
		068B888525FE2FCD004E81F2 /* TransactionCellViewModel.swift in Sources */ = {isa = PBXBuildFile; fileRef = 068B888425FE2FCD004E81F2 /* TransactionCellViewModel.swift */; };
		068B888825FE331E004E81F2 /* AccountInfoBuilder.swift in Sources */ = {isa = PBXBuildFile; fileRef = 068B888725FE331E004E81F2 /* AccountInfoBuilder.swift */; };
		068B888B25FE4D15004E81F2 /* CACornerMask+RoundedCorners.swift in Sources */ = {isa = PBXBuildFile; fileRef = 068B888A25FE4D15004E81F2 /* CACornerMask+RoundedCorners.swift */; };
		068B888E26049A30004E81F2 /* TransactionsListCellContainer.swift in Sources */ = {isa = PBXBuildFile; fileRef = 068B888D26049A30004E81F2 /* TransactionsListCellContainer.swift */; };
		068B88942604A604004E81F2 /* Date+CompareDates.swift in Sources */ = {isa = PBXBuildFile; fileRef = 068B88932604A604004E81F2 /* Date+CompareDates.swift */; };
		068B88992604A9DE004E81F2 /* TableSectionHeaderView.swift in Sources */ = {isa = PBXBuildFile; fileRef = 068B88982604A9DE004E81F2 /* TableSectionHeaderView.swift */; };
		068B88A02605FA58004E81F2 /* NumberFormatter+RUB.swift in Sources */ = {isa = PBXBuildFile; fileRef = 068B889F2605FA57004E81F2 /* NumberFormatter+RUB.swift */; };
		068B88AC2606162A004E81F2 /* ModuleFactory+CategoriesList.swift in Sources */ = {isa = PBXBuildFile; fileRef = 068B88AB2606162A004E81F2 /* ModuleFactory+CategoriesList.swift */; };
		0690791225EA72FA008B38DB /* categoriesInitial.plist in Resources */ = {isa = PBXBuildFile; fileRef = 0690791125EA72FA008B38DB /* categoriesInitial.plist */; };
		0690791925EA73EE008B38DB /* Localizable.strings in Resources */ = {isa = PBXBuildFile; fileRef = 0690791B25EA73EE008B38DB /* Localizable.strings */; };
		0690792E25EA7F61008B38DB /* Keys.swift in Sources */ = {isa = PBXBuildFile; fileRef = 0690792D25EA7F61008B38DB /* Keys.swift */; };
		0690793225EA84FF008B38DB /* SegmentedControlCellView.swift in Sources */ = {isa = PBXBuildFile; fileRef = 0690793125EA84FF008B38DB /* SegmentedControlCellView.swift */; };
		0690793625EA85BD008B38DB /* SegmentedControllCellViewModel.swift in Sources */ = {isa = PBXBuildFile; fileRef = 0690793525EA85BD008B38DB /* SegmentedControllCellViewModel.swift */; };
		0690793B25F4D098008B38DB /* AddTransactionFormValidator.swift in Sources */ = {isa = PBXBuildFile; fileRef = 0690793A25F4D098008B38DB /* AddTransactionFormValidator.swift */; };
		0690794425F4D359008B38DB /* StringConverter.swift in Sources */ = {isa = PBXBuildFile; fileRef = 0690794325F4D359008B38DB /* StringConverter.swift */; };
		0690796C25F4FA37008B38DB /* Transaction+CoreDataProperties copy.swift in Sources */ = {isa = PBXBuildFile; fileRef = 0690796625F4FA36008B38DB /* Transaction+CoreDataProperties copy.swift */; };
		0690796D25F4FA37008B38DB /* Category+CoreDataClass copy.swift in Sources */ = {isa = PBXBuildFile; fileRef = 0690796725F4FA36008B38DB /* Category+CoreDataClass copy.swift */; };
		0690796E25F4FA37008B38DB /* Account+CoreDataProperties copy.swift in Sources */ = {isa = PBXBuildFile; fileRef = 0690796825F4FA36008B38DB /* Account+CoreDataProperties copy.swift */; };
		0690796F25F4FA37008B38DB /* Transaction+CoreDataClass copy.swift in Sources */ = {isa = PBXBuildFile; fileRef = 0690796925F4FA36008B38DB /* Transaction+CoreDataClass copy.swift */; };
		0690797025F4FA37008B38DB /* Account+CoreDataClass copy.swift in Sources */ = {isa = PBXBuildFile; fileRef = 0690796A25F4FA37008B38DB /* Account+CoreDataClass copy.swift */; };
		0690797125F4FA37008B38DB /* Category+CoreDataProperties copy.swift in Sources */ = {isa = PBXBuildFile; fileRef = 0690796B25F4FA37008B38DB /* Category+CoreDataProperties copy.swift */; };
		0690797525F4FACF008B38DB /* Transactions+DirectionType.swift in Sources */ = {isa = PBXBuildFile; fileRef = 0690797425F4FACF008B38DB /* Transactions+DirectionType.swift */; };
		0690797C25F51553008B38DB /* DataListViewModel.swift in Sources */ = {isa = PBXBuildFile; fileRef = 0690797B25F51553008B38DB /* DataListViewModel.swift */; };
		0690798225F51647008B38DB /* AccountsListViewModel.swift in Sources */ = {isa = PBXBuildFile; fileRef = 0690798125F51647008B38DB /* AccountsListViewModel.swift */; };
		0690798525F51734008B38DB /* CategoriesListViewModel.swift in Sources */ = {isa = PBXBuildFile; fileRef = 0690798425F51734008B38DB /* CategoriesListViewModel.swift */; };
		0690798C25F53AEB008B38DB /* CategoriesListViewController.swift in Sources */ = {isa = PBXBuildFile; fileRef = 0690798B25F53AEB008B38DB /* CategoriesListViewController.swift */; };
		0690799325F53B87008B38DB /* AccountsListViewController.swift in Sources */ = {isa = PBXBuildFile; fileRef = 0690799225F53B87008B38DB /* AccountsListViewController.swift */; };
		069079A225F62883008B38DB /* GoogleService-Info.plist in Resources */ = {isa = PBXBuildFile; fileRef = 069079A125F62883008B38DB /* GoogleService-Info.plist */; };
		069079B425F64717008B38DB /* CategoryListInput.swift in Sources */ = {isa = PBXBuildFile; fileRef = 069079B325F64717008B38DB /* CategoryListInput.swift */; };
		069079BB25F651F2008B38DB /* ModuleFactory+Login.swift in Sources */ = {isa = PBXBuildFile; fileRef = 069079BA25F651F2008B38DB /* ModuleFactory+Login.swift */; };
		069079BF25F6523A008B38DB /* LoginViewController.swift in Sources */ = {isa = PBXBuildFile; fileRef = 069079BE25F6523A008B38DB /* LoginViewController.swift */; };
		069079C325F65274008B38DB /* LoginView.swift in Sources */ = {isa = PBXBuildFile; fileRef = 069079C225F65274008B38DB /* LoginView.swift */; };
		069079C625F652AA008B38DB /* LoginViewModel.swift in Sources */ = {isa = PBXBuildFile; fileRef = 069079C525F652AA008B38DB /* LoginViewModel.swift */; };
		06907A1225F65A4A008B38DB /* AuthProviderButton.swift in Sources */ = {isa = PBXBuildFile; fileRef = 06907A1125F65A4A008B38DB /* AuthProviderButton.swift */; };
		06907A1725F65CE9008B38DB /* AuthCoordinator.swift in Sources */ = {isa = PBXBuildFile; fileRef = 06907A1625F65CE9008B38DB /* AuthCoordinator.swift */; };
		06907A2325F938C9008B38DB /* GoogleAuthProvider.swift in Sources */ = {isa = PBXBuildFile; fileRef = 06907A2225F938C9008B38DB /* GoogleAuthProvider.swift */; };
		06907A2D25FA860E008B38DB /* AuthProvider.swift in Sources */ = {isa = PBXBuildFile; fileRef = 06907A2C25FA860E008B38DB /* AuthProvider.swift */; };
		0698E97925E26CC5000ED813 /* MKNavigationController.swift in Sources */ = {isa = PBXBuildFile; fileRef = 0698E97825E26CC5000ED813 /* MKNavigationController.swift */; };
		0698E97F25E26FFA000ED813 /* AddAccountFormValidator.swift in Sources */ = {isa = PBXBuildFile; fileRef = 0698E97E25E26FFA000ED813 /* AddAccountFormValidator.swift */; };
		0698E98325E270A8000ED813 /* BaseFormValidator.swift in Sources */ = {isa = PBXBuildFile; fileRef = 0698E98225E270A8000ED813 /* BaseFormValidator.swift */; };
		0698E99625E27AB7000ED813 /* TextFieldVIewModel+Fabric.swift in Sources */ = {isa = PBXBuildFile; fileRef = 0698E99525E27AB7000ED813 /* TextFieldVIewModel+Fabric.swift */; };
		06EAB26025E2872600E05FAB /* UIButton+BackgoundColorForState.swift in Sources */ = {isa = PBXBuildFile; fileRef = 06EAB25F25E2872600E05FAB /* UIButton+BackgoundColorForState.swift */; };
		06EAB26725E2904E00E05FAB /* DataListViewController.swift in Sources */ = {isa = PBXBuildFile; fileRef = 06EAB26625E2904E00E05FAB /* DataListViewController.swift */; };
		06EAB26D25E2909700E05FAB /* DataListBuilder.swift in Sources */ = {isa = PBXBuildFile; fileRef = 06EAB26C25E2909700E05FAB /* DataListBuilder.swift */; };
		06EAB27125E2910200E05FAB /* TitleCellView.swift in Sources */ = {isa = PBXBuildFile; fileRef = 06EAB27025E2910200E05FAB /* TitleCellView.swift */; };
		06EAB27425E2916A00E05FAB /* TitleCellViewModel.swift in Sources */ = {isa = PBXBuildFile; fileRef = 06EAB27325E2916A00E05FAB /* TitleCellViewModel.swift */; };
		06EAB27725E2944E00E05FAB /* ModuleFactory+DataList.swift in Sources */ = {isa = PBXBuildFile; fileRef = 06EAB27625E2944E00E05FAB /* ModuleFactory+DataList.swift */; };
		06EAB27B25E295B500E05FAB /* AddTransactionCoordinator.swift in Sources */ = {isa = PBXBuildFile; fileRef = 06EAB27A25E295B500E05FAB /* AddTransactionCoordinator.swift */; };
		961C080925CEA0FD00C8E300 /* AccountCellView.swift in Sources */ = {isa = PBXBuildFile; fileRef = 961C080825CEA0FD00C8E300 /* AccountCellView.swift */; };
		961C080C25CEA10B00C8E300 /* AccountCellViewModel.swift in Sources */ = {isa = PBXBuildFile; fileRef = 961C080B25CEA10B00C8E300 /* AccountCellViewModel.swift */; };
		961C081525CEC78E00C8E300 /* AddTransactionViewController.swift in Sources */ = {isa = PBXBuildFile; fileRef = 961C081425CEC78E00C8E300 /* AddTransactionViewController.swift */; };
		961C081825CEC79800C8E300 /* AddTransactionBuilder.swift in Sources */ = {isa = PBXBuildFile; fileRef = 961C081725CEC79800C8E300 /* AddTransactionBuilder.swift */; };
		961C081C25CEC7AD00C8E300 /* AddTransactionViewModel.swift in Sources */ = {isa = PBXBuildFile; fileRef = 961C081B25CEC7AD00C8E300 /* AddTransactionViewModel.swift */; };
		961C082025CEC9EA00C8E300 /* SelectCellView.swift in Sources */ = {isa = PBXBuildFile; fileRef = 961C081F25CEC9EA00C8E300 /* SelectCellView.swift */; };
		961C082325CEC9F700C8E300 /* SelectCellViewModel.swift in Sources */ = {isa = PBXBuildFile; fileRef = 961C082225CEC9F700C8E300 /* SelectCellViewModel.swift */; };
		961C082625CEDC4C00C8E300 /* ModuleFactory+AddTranaction.swift in Sources */ = {isa = PBXBuildFile; fileRef = 961C082525CEDC4C00C8E300 /* ModuleFactory+AddTranaction.swift */; };
		961CF21925CAA9CA00ED1BD3 /* AddAccountViewController.swift in Sources */ = {isa = PBXBuildFile; fileRef = 961CF21825CAA9CA00ED1BD3 /* AddAccountViewController.swift */; };
		961CF21C25CAAA7C00ED1BD3 /* AddAccountViewModel.swift in Sources */ = {isa = PBXBuildFile; fileRef = 961CF21B25CAAA7C00ED1BD3 /* AddAccountViewModel.swift */; };
		961CF21F25CAAAB000ED1BD3 /* AddAccountBuilder.swift in Sources */ = {isa = PBXBuildFile; fileRef = 961CF21E25CAAAB000ED1BD3 /* AddAccountBuilder.swift */; };
		961CF22225CAAD3F00ED1BD3 /* ModuleFactory+AddAccountModule.swift in Sources */ = {isa = PBXBuildFile; fileRef = 961CF22125CAAD3F00ED1BD3 /* ModuleFactory+AddAccountModule.swift */; };
		961CF24325CD5B8400ED1BD3 /* Coordinator.swift in Sources */ = {isa = PBXBuildFile; fileRef = 961CF24225CD5B8400ED1BD3 /* Coordinator.swift */; };
		961CF24725CD5CA400ED1BD3 /* BaseCoordinator.swift in Sources */ = {isa = PBXBuildFile; fileRef = 961CF24625CD5CA400ED1BD3 /* BaseCoordinator.swift */; };
		961CF24B25CD5CDF00ED1BD3 /* Router.swift in Sources */ = {isa = PBXBuildFile; fileRef = 961CF24A25CD5CDF00ED1BD3 /* Router.swift */; };
		961CF24E25CD5CEF00ED1BD3 /* Presentable.swift in Sources */ = {isa = PBXBuildFile; fileRef = 961CF24D25CD5CEF00ED1BD3 /* Presentable.swift */; };
		961CF25225CD5D6100ED1BD3 /* MainCoordinator.swift in Sources */ = {isa = PBXBuildFile; fileRef = 961CF25125CD5D6100ED1BD3 /* MainCoordinator.swift */; };
		961CF25925CD5F3900ED1BD3 /* CoordinatorFactory.swift in Sources */ = {isa = PBXBuildFile; fileRef = 961CF25825CD5F3900ED1BD3 /* CoordinatorFactory.swift */; };
		961CF26525CD649100ED1BD3 /* RouterImp.swift in Sources */ = {isa = PBXBuildFile; fileRef = 961CF26425CD649100ED1BD3 /* RouterImp.swift */; };
		961CF26825CD698B00ED1BD3 /* ApplicationCoordinator.swift in Sources */ = {isa = PBXBuildFile; fileRef = 961CF26725CD698B00ED1BD3 /* ApplicationCoordinator.swift */; };
		9621808B25CDF6E4001A386D /* AddAccountCoordinator.swift in Sources */ = {isa = PBXBuildFile; fileRef = 9621808A25CDF6E4001A386D /* AddAccountCoordinator.swift */; };
		965049CC25C566EC00F4D960 /* TableSection+Init.swift in Sources */ = {isa = PBXBuildFile; fileRef = 965049CB25C566EC00F4D960 /* TableSection+Init.swift */; };
		965049D425C5960200F4D960 /* Images.swift in Sources */ = {isa = PBXBuildFile; fileRef = 965049D325C5960100F4D960 /* Images.swift */; };
		965049D925C5969500F4D960 /* Colors.swift in Sources */ = {isa = PBXBuildFile; fileRef = 965049D825C5969500F4D960 /* Colors.swift */; };
		965049E025C5999B00F4D960 /* Strings.swift in Sources */ = {isa = PBXBuildFile; fileRef = 965049DF25C5999B00F4D960 /* Strings.swift */; };
		96504A2325C5A9BB00F4D960 /* CenterIconCellView.swift in Sources */ = {isa = PBXBuildFile; fileRef = 96504A2225C5A9BB00F4D960 /* CenterIconCellView.swift */; };
		96504A2725C5AC2300F4D960 /* TappableCellViewModel.swift in Sources */ = {isa = PBXBuildFile; fileRef = 96504A2625C5AC2300F4D960 /* TappableCellViewModel.swift */; };
		96504A2A25C5AD9200F4D960 /* Typealias.swift in Sources */ = {isa = PBXBuildFile; fileRef = 96504A2925C5AD9200F4D960 /* Typealias.swift */; };
		96504A5725C5FB4600F4D960 /* CoreDataStorage.swift in Sources */ = {isa = PBXBuildFile; fileRef = 96504A5625C5FB4600F4D960 /* CoreDataStorage.swift */; };
		965990A725B44B46002A23BD /* BaseViewController.swift in Sources */ = {isa = PBXBuildFile; fileRef = 965990A625B44B46002A23BD /* BaseViewController.swift */; };
		965990C425B615BE002A23BD /* BaseView.swift in Sources */ = {isa = PBXBuildFile; fileRef = 965990C325B615BE002A23BD /* BaseView.swift */; };
		9659912625B898DC002A23BD /* ModuleFactory.swift in Sources */ = {isa = PBXBuildFile; fileRef = 9659912525B898DC002A23BD /* ModuleFactory.swift */; };
		9659912925B8990C002A23BD /* ModuleFactory+MainModule.swift in Sources */ = {isa = PBXBuildFile; fileRef = 9659912825B8990C002A23BD /* ModuleFactory+MainModule.swift */; };
		9659912C25B89AA4002A23BD /* MainViewModel.swift in Sources */ = {isa = PBXBuildFile; fileRef = 9659912B25B89AA4002A23BD /* MainViewModel.swift */; };
		965991FA25BD7D50002A23BD /* BaseTableController.swift in Sources */ = {isa = PBXBuildFile; fileRef = 965991F925BD7D50002A23BD /* BaseTableController.swift */; };
		965991FE25BD7F4A002A23BD /* BaseTableView.swift in Sources */ = {isa = PBXBuildFile; fileRef = 965991FD25BD7F4A002A23BD /* BaseTableView.swift */; };
		9659920225BD80ED002A23BD /* MainViewController.swift in Sources */ = {isa = PBXBuildFile; fileRef = 9659920125BD80ED002A23BD /* MainViewController.swift */; };
		9659920625BD8304002A23BD /* MainBuilder.swift in Sources */ = {isa = PBXBuildFile; fileRef = 9659920525BD8304002A23BD /* MainBuilder.swift */; };
		9659920F25BD84AD002A23BD /* DefaultCellView.swift in Sources */ = {isa = PBXBuildFile; fileRef = 9659920E25BD84AD002A23BD /* DefaultCellView.swift */; };
		9699EDFB25CFFA6B00EF316E /* DatePickerCellView.swift in Sources */ = {isa = PBXBuildFile; fileRef = 9699EDFA25CFFA6B00EF316E /* DatePickerCellView.swift */; };
		9699EDFF25CFFA7A00EF316E /* DatePickerCellViewModel.swift in Sources */ = {isa = PBXBuildFile; fileRef = 9699EDFE25CFFA7A00EF316E /* DatePickerCellViewModel.swift */; };
		9699EE0425D009FB00EF316E /* DateFormatter+Extension.swift in Sources */ = {isa = PBXBuildFile; fileRef = 9699EE0325D009FB00EF316E /* DateFormatter+Extension.swift */; };
		9699EE0725D0102E00EF316E /* UITextField+ToolBarDatePicker.swift in Sources */ = {isa = PBXBuildFile; fileRef = 9699EE0625D0102E00EF316E /* UITextField+ToolBarDatePicker.swift */; };
		96C5E41525A5BD6B00E374B7 /* AppDelegate.swift in Sources */ = {isa = PBXBuildFile; fileRef = 96C5E41425A5BD6B00E374B7 /* AppDelegate.swift */; };
		96C5E41E25A5BD6C00E374B7 /* Assets.xcassets in Resources */ = {isa = PBXBuildFile; fileRef = 96C5E41D25A5BD6C00E374B7 /* Assets.xcassets */; };
		96E067C625C6A1DE00DB7C35 /* MoneyKeeper.xcdatamodeld in Sources */ = {isa = PBXBuildFile; fileRef = 96E067BE25C6A1DE00DB7C35 /* MoneyKeeper.xcdatamodeld */; };
		96F1972725CD7E5200B0B634 /* TextFieldView.swift in Sources */ = {isa = PBXBuildFile; fileRef = 96F1972625CD7E5200B0B634 /* TextFieldView.swift */; };
		96F1972C25CD801400B0B634 /* RoundedContainerCellView.swift in Sources */ = {isa = PBXBuildFile; fileRef = 96F1972B25CD801400B0B634 /* RoundedContainerCellView.swift */; };
		96F1973025CD829400B0B634 /* TextFieldCellViewModel.swift in Sources */ = {isa = PBXBuildFile; fileRef = 96F1972F25CD829400B0B634 /* TextFieldCellViewModel.swift */; };
		96F1973725CD8B5300B0B634 /* CGFloat+IconSize.swift in Sources */ = {isa = PBXBuildFile; fileRef = 96F1973625CD8B5300B0B634 /* CGFloat+IconSize.swift */; };
		96F1973D25CDA73800B0B634 /* ButtonCellView.swift in Sources */ = {isa = PBXBuildFile; fileRef = 96F1973C25CDA73800B0B634 /* ButtonCellView.swift */; };
		96F1974125CDA93100B0B634 /* ButtonCellVuiewModel.swift in Sources */ = {isa = PBXBuildFile; fileRef = 96F1974025CDA93100B0B634 /* ButtonCellVuiewModel.swift */; };
		96F4B0CF25C41A5B00E8339E /* DefaultCellViewModel.swift in Sources */ = {isa = PBXBuildFile; fileRef = 96F4B0CE25C41A5B00E8339E /* DefaultCellViewModel.swift */; };
		96F4B0D725C41C7600E8339E /* ConfigurableView.swift in Sources */ = {isa = PBXBuildFile; fileRef = 96F4B0D625C41C7600E8339E /* ConfigurableView.swift */; };
		96F4B0DC25C41DCF00E8339E /* ContainerTableCell.swift in Sources */ = {isa = PBXBuildFile; fileRef = 96F4B0DB25C41DCF00E8339E /* ContainerTableCell.swift */; };
		96F4B0E225C41E9100E8339E /* BaseTableViewCell.swift in Sources */ = {isa = PBXBuildFile; fileRef = 96F4B0E125C41E9100E8339E /* BaseTableViewCell.swift */; };
		96F4B0E725C420CC00E8339E /* DefaultCellContainer.swift in Sources */ = {isa = PBXBuildFile; fileRef = 96F4B0E625C420CC00E8339E /* DefaultCellContainer.swift */; };
		96F4B0EA25C427DE00E8339E /* BaseContentInput.swift in Sources */ = {isa = PBXBuildFile; fileRef = 96F4B0E925C427DE00E8339E /* BaseContentInput.swift */; };
		B84D0A6F0F874A7BA1770CE5 /* Pods_MoneyKeeper.framework in Frameworks */ = {isa = PBXBuildFile; fileRef = 655B31EEA48C2F26B86A21C7 /* Pods_MoneyKeeper.framework */; };
/* End PBXBuildFile section */

/* Begin PBXFileReference section */
		000B42E85F7F77B09B44A082 /* Pods-MoneyKeeper.release.xcconfig */ = {isa = PBXFileReference; includeInIndex = 1; lastKnownFileType = text.xcconfig; name = "Pods-MoneyKeeper.release.xcconfig"; path = "Target Support Files/Pods-MoneyKeeper/Pods-MoneyKeeper.release.xcconfig"; sourceTree = "<group>"; };
		065F7FEB25E268C000597A94 /* BaseTableBuilder.swift */ = {isa = PBXFileReference; lastKnownFileType = sourcecode.swift; path = BaseTableBuilder.swift; sourceTree = "<group>"; };
		068B884B25FCFA19004E81F2 /* FirestoreModel.swift */ = {isa = PBXFileReference; lastKnownFileType = sourcecode.swift; path = FirestoreModel.swift; sourceTree = "<group>"; };
		068B885225FCFB08004E81F2 /* FAccount.swift */ = {isa = PBXFileReference; lastKnownFileType = sourcecode.swift; path = FAccount.swift; sourceTree = "<group>"; };
		068B885525FCFD67004E81F2 /* FTransaction.swift */ = {isa = PBXFileReference; lastKnownFileType = sourcecode.swift; path = FTransaction.swift; sourceTree = "<group>"; };
		068B885825FD010B004E81F2 /* FCategory.swift */ = {isa = PBXFileReference; lastKnownFileType = sourcecode.swift; path = FCategory.swift; sourceTree = "<group>"; };
		068B885D25FD0335004E81F2 /* FirebaseStorage.swift */ = {isa = PBXFileReference; lastKnownFileType = sourcecode.swift; path = FirebaseStorage.swift; sourceTree = "<group>"; };
		068B886125FD0357004E81F2 /* StorageProvider.swift */ = {isa = PBXFileReference; lastKnownFileType = sourcecode.swift; path = StorageProvider.swift; sourceTree = "<group>"; };
		068B886D25FE2CAB004E81F2 /* ModuleFactory+AccountInfo.swift */ = {isa = PBXFileReference; lastKnownFileType = sourcecode.swift; path = "ModuleFactory+AccountInfo.swift"; sourceTree = "<group>"; };
		068B887025FE2CBA004E81F2 /* AccuntInfoViewModel.swift */ = {isa = PBXFileReference; lastKnownFileType = sourcecode.swift; name = AccuntInfoViewModel.swift; path = MoneyKeeper/Controllers/AccountInfo/Assembly/AccuntInfoViewModel.swift; sourceTree = SOURCE_ROOT; };
		068B887325FE2CCD004E81F2 /* AccountInfoViewController.swift */ = {isa = PBXFileReference; lastKnownFileType = sourcecode.swift; path = AccountInfoViewController.swift; sourceTree = "<group>"; };
		068B887725FE2D91004E81F2 /* AcountInfoCellView.swift */ = {isa = PBXFileReference; lastKnownFileType = sourcecode.swift; path = AcountInfoCellView.swift; sourceTree = "<group>"; };
		068B887A25FE2F12004E81F2 /* AccountInfoCellViewModel.swift */ = {isa = PBXFileReference; lastKnownFileType = sourcecode.swift; path = AccountInfoCellViewModel.swift; sourceTree = "<group>"; };
		068B888025FE2FAA004E81F2 /* TransactionCellView.swift */ = {isa = PBXFileReference; lastKnownFileType = sourcecode.swift; path = TransactionCellView.swift; sourceTree = "<group>"; };
		068B888425FE2FCD004E81F2 /* TransactionCellViewModel.swift */ = {isa = PBXFileReference; lastKnownFileType = sourcecode.swift; path = TransactionCellViewModel.swift; sourceTree = "<group>"; };
		068B888725FE331E004E81F2 /* AccountInfoBuilder.swift */ = {isa = PBXFileReference; lastKnownFileType = sourcecode.swift; path = AccountInfoBuilder.swift; sourceTree = "<group>"; };
		068B888A25FE4D15004E81F2 /* CACornerMask+RoundedCorners.swift */ = {isa = PBXFileReference; lastKnownFileType = sourcecode.swift; path = "CACornerMask+RoundedCorners.swift"; sourceTree = "<group>"; };
		068B888D26049A30004E81F2 /* TransactionsListCellContainer.swift */ = {isa = PBXFileReference; lastKnownFileType = sourcecode.swift; path = TransactionsListCellContainer.swift; sourceTree = "<group>"; };
		068B88932604A604004E81F2 /* Date+CompareDates.swift */ = {isa = PBXFileReference; lastKnownFileType = sourcecode.swift; path = "Date+CompareDates.swift"; sourceTree = "<group>"; };
		068B88982604A9DE004E81F2 /* TableSectionHeaderView.swift */ = {isa = PBXFileReference; lastKnownFileType = sourcecode.swift; path = TableSectionHeaderView.swift; sourceTree = "<group>"; };
		068B889F2605FA57004E81F2 /* NumberFormatter+RUB.swift */ = {isa = PBXFileReference; lastKnownFileType = sourcecode.swift; path = "NumberFormatter+RUB.swift"; sourceTree = "<group>"; };
		068B88AB2606162A004E81F2 /* ModuleFactory+CategoriesList.swift */ = {isa = PBXFileReference; lastKnownFileType = sourcecode.swift; path = "ModuleFactory+CategoriesList.swift"; sourceTree = "<group>"; };
		0690791125EA72FA008B38DB /* categoriesInitial.plist */ = {isa = PBXFileReference; lastKnownFileType = text.plist.xml; path = categoriesInitial.plist; sourceTree = "<group>"; };
		0690791A25EA73EE008B38DB /* en */ = {isa = PBXFileReference; lastKnownFileType = text.plist.strings; name = en; path = en.lproj/Localizable.strings; sourceTree = "<group>"; };
		0690791C25EA73F2008B38DB /* ru */ = {isa = PBXFileReference; lastKnownFileType = text.plist.strings; name = ru; path = ru.lproj/Localizable.strings; sourceTree = "<group>"; };
		0690792D25EA7F61008B38DB /* Keys.swift */ = {isa = PBXFileReference; lastKnownFileType = sourcecode.swift; path = Keys.swift; sourceTree = "<group>"; };
		0690793125EA84FF008B38DB /* SegmentedControlCellView.swift */ = {isa = PBXFileReference; lastKnownFileType = sourcecode.swift; path = SegmentedControlCellView.swift; sourceTree = "<group>"; };
		0690793525EA85BD008B38DB /* SegmentedControllCellViewModel.swift */ = {isa = PBXFileReference; lastKnownFileType = sourcecode.swift; path = SegmentedControllCellViewModel.swift; sourceTree = "<group>"; };
		0690793A25F4D098008B38DB /* AddTransactionFormValidator.swift */ = {isa = PBXFileReference; lastKnownFileType = sourcecode.swift; path = AddTransactionFormValidator.swift; sourceTree = "<group>"; };
		0690794325F4D359008B38DB /* StringConverter.swift */ = {isa = PBXFileReference; lastKnownFileType = sourcecode.swift; path = StringConverter.swift; sourceTree = "<group>"; };
		0690796625F4FA36008B38DB /* Transaction+CoreDataProperties copy.swift */ = {isa = PBXFileReference; fileEncoding = 4; lastKnownFileType = sourcecode.swift; path = "Transaction+CoreDataProperties copy.swift"; sourceTree = "<group>"; };
		0690796725F4FA36008B38DB /* Category+CoreDataClass copy.swift */ = {isa = PBXFileReference; fileEncoding = 4; lastKnownFileType = sourcecode.swift; path = "Category+CoreDataClass copy.swift"; sourceTree = "<group>"; };
		0690796825F4FA36008B38DB /* Account+CoreDataProperties copy.swift */ = {isa = PBXFileReference; fileEncoding = 4; lastKnownFileType = sourcecode.swift; path = "Account+CoreDataProperties copy.swift"; sourceTree = "<group>"; };
		0690796925F4FA36008B38DB /* Transaction+CoreDataClass copy.swift */ = {isa = PBXFileReference; fileEncoding = 4; lastKnownFileType = sourcecode.swift; path = "Transaction+CoreDataClass copy.swift"; sourceTree = "<group>"; };
		0690796A25F4FA37008B38DB /* Account+CoreDataClass copy.swift */ = {isa = PBXFileReference; fileEncoding = 4; lastKnownFileType = sourcecode.swift; path = "Account+CoreDataClass copy.swift"; sourceTree = "<group>"; };
		0690796B25F4FA37008B38DB /* Category+CoreDataProperties copy.swift */ = {isa = PBXFileReference; fileEncoding = 4; lastKnownFileType = sourcecode.swift; path = "Category+CoreDataProperties copy.swift"; sourceTree = "<group>"; };
		0690797425F4FACF008B38DB /* Transactions+DirectionType.swift */ = {isa = PBXFileReference; lastKnownFileType = sourcecode.swift; path = "Transactions+DirectionType.swift"; sourceTree = "<group>"; };
		0690797B25F51553008B38DB /* DataListViewModel.swift */ = {isa = PBXFileReference; fileEncoding = 4; lastKnownFileType = sourcecode.swift; path = DataListViewModel.swift; sourceTree = "<group>"; };
		0690798125F51647008B38DB /* AccountsListViewModel.swift */ = {isa = PBXFileReference; lastKnownFileType = sourcecode.swift; path = AccountsListViewModel.swift; sourceTree = "<group>"; };
		0690798425F51734008B38DB /* CategoriesListViewModel.swift */ = {isa = PBXFileReference; lastKnownFileType = sourcecode.swift; path = CategoriesListViewModel.swift; sourceTree = "<group>"; };
		0690798B25F53AEB008B38DB /* CategoriesListViewController.swift */ = {isa = PBXFileReference; lastKnownFileType = sourcecode.swift; path = CategoriesListViewController.swift; sourceTree = "<group>"; };
		0690799225F53B87008B38DB /* AccountsListViewController.swift */ = {isa = PBXFileReference; lastKnownFileType = sourcecode.swift; path = AccountsListViewController.swift; sourceTree = "<group>"; };
		069079A125F62883008B38DB /* GoogleService-Info.plist */ = {isa = PBXFileReference; fileEncoding = 4; lastKnownFileType = text.plist.xml; path = "GoogleService-Info.plist"; sourceTree = "<group>"; };
		069079B325F64717008B38DB /* CategoryListInput.swift */ = {isa = PBXFileReference; lastKnownFileType = sourcecode.swift; path = CategoryListInput.swift; sourceTree = "<group>"; };
		069079BA25F651F2008B38DB /* ModuleFactory+Login.swift */ = {isa = PBXFileReference; lastKnownFileType = sourcecode.swift; path = "ModuleFactory+Login.swift"; sourceTree = "<group>"; };
		069079BE25F6523A008B38DB /* LoginViewController.swift */ = {isa = PBXFileReference; lastKnownFileType = sourcecode.swift; path = LoginViewController.swift; sourceTree = "<group>"; };
		069079C225F65274008B38DB /* LoginView.swift */ = {isa = PBXFileReference; lastKnownFileType = sourcecode.swift; path = LoginView.swift; sourceTree = "<group>"; };
		069079C525F652AA008B38DB /* LoginViewModel.swift */ = {isa = PBXFileReference; lastKnownFileType = sourcecode.swift; path = LoginViewModel.swift; sourceTree = "<group>"; };
		06907A1125F65A4A008B38DB /* AuthProviderButton.swift */ = {isa = PBXFileReference; lastKnownFileType = sourcecode.swift; path = AuthProviderButton.swift; sourceTree = "<group>"; };
		06907A1625F65CE9008B38DB /* AuthCoordinator.swift */ = {isa = PBXFileReference; lastKnownFileType = sourcecode.swift; path = AuthCoordinator.swift; sourceTree = "<group>"; };
		06907A2225F938C9008B38DB /* GoogleAuthProvider.swift */ = {isa = PBXFileReference; lastKnownFileType = sourcecode.swift; path = GoogleAuthProvider.swift; sourceTree = "<group>"; };
		06907A2C25FA860E008B38DB /* AuthProvider.swift */ = {isa = PBXFileReference; fileEncoding = 4; lastKnownFileType = sourcecode.swift; path = AuthProvider.swift; sourceTree = "<group>"; };
		0698E97825E26CC5000ED813 /* MKNavigationController.swift */ = {isa = PBXFileReference; lastKnownFileType = sourcecode.swift; path = MKNavigationController.swift; sourceTree = "<group>"; };
		0698E97E25E26FFA000ED813 /* AddAccountFormValidator.swift */ = {isa = PBXFileReference; lastKnownFileType = sourcecode.swift; path = AddAccountFormValidator.swift; sourceTree = "<group>"; };
		0698E98225E270A8000ED813 /* BaseFormValidator.swift */ = {isa = PBXFileReference; lastKnownFileType = sourcecode.swift; path = BaseFormValidator.swift; sourceTree = "<group>"; };
		0698E99525E27AB7000ED813 /* TextFieldVIewModel+Fabric.swift */ = {isa = PBXFileReference; lastKnownFileType = sourcecode.swift; path = "TextFieldVIewModel+Fabric.swift"; sourceTree = "<group>"; };
		06EAB25F25E2872600E05FAB /* UIButton+BackgoundColorForState.swift */ = {isa = PBXFileReference; lastKnownFileType = sourcecode.swift; path = "UIButton+BackgoundColorForState.swift"; sourceTree = "<group>"; };
		06EAB26625E2904E00E05FAB /* DataListViewController.swift */ = {isa = PBXFileReference; lastKnownFileType = sourcecode.swift; path = DataListViewController.swift; sourceTree = "<group>"; };
		06EAB26C25E2909700E05FAB /* DataListBuilder.swift */ = {isa = PBXFileReference; lastKnownFileType = sourcecode.swift; path = DataListBuilder.swift; sourceTree = "<group>"; };
		06EAB27025E2910200E05FAB /* TitleCellView.swift */ = {isa = PBXFileReference; lastKnownFileType = sourcecode.swift; path = TitleCellView.swift; sourceTree = "<group>"; };
		06EAB27325E2916A00E05FAB /* TitleCellViewModel.swift */ = {isa = PBXFileReference; lastKnownFileType = sourcecode.swift; path = TitleCellViewModel.swift; sourceTree = "<group>"; };
		06EAB27625E2944E00E05FAB /* ModuleFactory+DataList.swift */ = {isa = PBXFileReference; lastKnownFileType = sourcecode.swift; path = "ModuleFactory+DataList.swift"; sourceTree = "<group>"; };
		06EAB27A25E295B500E05FAB /* AddTransactionCoordinator.swift */ = {isa = PBXFileReference; lastKnownFileType = sourcecode.swift; path = AddTransactionCoordinator.swift; sourceTree = "<group>"; };
		655B31EEA48C2F26B86A21C7 /* Pods_MoneyKeeper.framework */ = {isa = PBXFileReference; explicitFileType = wrapper.framework; includeInIndex = 0; path = Pods_MoneyKeeper.framework; sourceTree = BUILT_PRODUCTS_DIR; };
		961C080825CEA0FD00C8E300 /* AccountCellView.swift */ = {isa = PBXFileReference; lastKnownFileType = sourcecode.swift; path = AccountCellView.swift; sourceTree = "<group>"; };
		961C080B25CEA10B00C8E300 /* AccountCellViewModel.swift */ = {isa = PBXFileReference; lastKnownFileType = sourcecode.swift; path = AccountCellViewModel.swift; sourceTree = "<group>"; };
		961C081425CEC78E00C8E300 /* AddTransactionViewController.swift */ = {isa = PBXFileReference; lastKnownFileType = sourcecode.swift; path = AddTransactionViewController.swift; sourceTree = "<group>"; };
		961C081725CEC79800C8E300 /* AddTransactionBuilder.swift */ = {isa = PBXFileReference; lastKnownFileType = sourcecode.swift; path = AddTransactionBuilder.swift; sourceTree = "<group>"; };
		961C081B25CEC7AD00C8E300 /* AddTransactionViewModel.swift */ = {isa = PBXFileReference; lastKnownFileType = sourcecode.swift; path = AddTransactionViewModel.swift; sourceTree = "<group>"; };
		961C081F25CEC9EA00C8E300 /* SelectCellView.swift */ = {isa = PBXFileReference; lastKnownFileType = sourcecode.swift; path = SelectCellView.swift; sourceTree = "<group>"; };
		961C082225CEC9F700C8E300 /* SelectCellViewModel.swift */ = {isa = PBXFileReference; lastKnownFileType = sourcecode.swift; path = SelectCellViewModel.swift; sourceTree = "<group>"; };
		961C082525CEDC4C00C8E300 /* ModuleFactory+AddTranaction.swift */ = {isa = PBXFileReference; lastKnownFileType = sourcecode.swift; path = "ModuleFactory+AddTranaction.swift"; sourceTree = "<group>"; };
		961CF21825CAA9CA00ED1BD3 /* AddAccountViewController.swift */ = {isa = PBXFileReference; lastKnownFileType = sourcecode.swift; path = AddAccountViewController.swift; sourceTree = "<group>"; };
		961CF21B25CAAA7C00ED1BD3 /* AddAccountViewModel.swift */ = {isa = PBXFileReference; lastKnownFileType = sourcecode.swift; path = AddAccountViewModel.swift; sourceTree = "<group>"; };
		961CF21E25CAAAB000ED1BD3 /* AddAccountBuilder.swift */ = {isa = PBXFileReference; lastKnownFileType = sourcecode.swift; path = AddAccountBuilder.swift; sourceTree = "<group>"; };
		961CF22125CAAD3F00ED1BD3 /* ModuleFactory+AddAccountModule.swift */ = {isa = PBXFileReference; lastKnownFileType = sourcecode.swift; path = "ModuleFactory+AddAccountModule.swift"; sourceTree = "<group>"; };
		961CF24225CD5B8400ED1BD3 /* Coordinator.swift */ = {isa = PBXFileReference; lastKnownFileType = sourcecode.swift; path = Coordinator.swift; sourceTree = "<group>"; };
		961CF24625CD5CA400ED1BD3 /* BaseCoordinator.swift */ = {isa = PBXFileReference; lastKnownFileType = sourcecode.swift; path = BaseCoordinator.swift; sourceTree = "<group>"; };
		961CF24A25CD5CDF00ED1BD3 /* Router.swift */ = {isa = PBXFileReference; lastKnownFileType = sourcecode.swift; path = Router.swift; sourceTree = "<group>"; };
		961CF24D25CD5CEF00ED1BD3 /* Presentable.swift */ = {isa = PBXFileReference; lastKnownFileType = sourcecode.swift; path = Presentable.swift; sourceTree = "<group>"; };
		961CF25125CD5D6100ED1BD3 /* MainCoordinator.swift */ = {isa = PBXFileReference; lastKnownFileType = sourcecode.swift; path = MainCoordinator.swift; sourceTree = "<group>"; };
		961CF25825CD5F3900ED1BD3 /* CoordinatorFactory.swift */ = {isa = PBXFileReference; lastKnownFileType = sourcecode.swift; path = CoordinatorFactory.swift; sourceTree = "<group>"; };
		961CF26425CD649100ED1BD3 /* RouterImp.swift */ = {isa = PBXFileReference; lastKnownFileType = sourcecode.swift; path = RouterImp.swift; sourceTree = "<group>"; };
		961CF26725CD698B00ED1BD3 /* ApplicationCoordinator.swift */ = {isa = PBXFileReference; lastKnownFileType = sourcecode.swift; path = ApplicationCoordinator.swift; sourceTree = "<group>"; };
		9621808A25CDF6E4001A386D /* AddAccountCoordinator.swift */ = {isa = PBXFileReference; lastKnownFileType = sourcecode.swift; path = AddAccountCoordinator.swift; sourceTree = "<group>"; };
		965049CB25C566EC00F4D960 /* TableSection+Init.swift */ = {isa = PBXFileReference; lastKnownFileType = sourcecode.swift; path = "TableSection+Init.swift"; sourceTree = "<group>"; };
		965049D325C5960100F4D960 /* Images.swift */ = {isa = PBXFileReference; lastKnownFileType = sourcecode.swift; path = Images.swift; sourceTree = "<group>"; };
		965049D825C5969500F4D960 /* Colors.swift */ = {isa = PBXFileReference; lastKnownFileType = sourcecode.swift; path = Colors.swift; sourceTree = "<group>"; };
		965049DF25C5999B00F4D960 /* Strings.swift */ = {isa = PBXFileReference; lastKnownFileType = sourcecode.swift; path = Strings.swift; sourceTree = "<group>"; };
		96504A2225C5A9BB00F4D960 /* CenterIconCellView.swift */ = {isa = PBXFileReference; lastKnownFileType = sourcecode.swift; path = CenterIconCellView.swift; sourceTree = "<group>"; };
		96504A2625C5AC2300F4D960 /* TappableCellViewModel.swift */ = {isa = PBXFileReference; lastKnownFileType = sourcecode.swift; path = TappableCellViewModel.swift; sourceTree = "<group>"; };
		96504A2925C5AD9200F4D960 /* Typealias.swift */ = {isa = PBXFileReference; lastKnownFileType = sourcecode.swift; path = Typealias.swift; sourceTree = "<group>"; };
		96504A5625C5FB4600F4D960 /* CoreDataStorage.swift */ = {isa = PBXFileReference; lastKnownFileType = sourcecode.swift; path = CoreDataStorage.swift; sourceTree = "<group>"; };
		965990A625B44B46002A23BD /* BaseViewController.swift */ = {isa = PBXFileReference; lastKnownFileType = sourcecode.swift; path = BaseViewController.swift; sourceTree = "<group>"; };
		965990C325B615BE002A23BD /* BaseView.swift */ = {isa = PBXFileReference; lastKnownFileType = sourcecode.swift; path = BaseView.swift; sourceTree = "<group>"; };
		9659912525B898DC002A23BD /* ModuleFactory.swift */ = {isa = PBXFileReference; lastKnownFileType = sourcecode.swift; path = ModuleFactory.swift; sourceTree = "<group>"; };
		9659912825B8990C002A23BD /* ModuleFactory+MainModule.swift */ = {isa = PBXFileReference; lastKnownFileType = sourcecode.swift; path = "ModuleFactory+MainModule.swift"; sourceTree = "<group>"; };
		9659912B25B89AA4002A23BD /* MainViewModel.swift */ = {isa = PBXFileReference; lastKnownFileType = sourcecode.swift; path = MainViewModel.swift; sourceTree = "<group>"; };
		965991F925BD7D50002A23BD /* BaseTableController.swift */ = {isa = PBXFileReference; lastKnownFileType = sourcecode.swift; path = BaseTableController.swift; sourceTree = "<group>"; };
		965991FD25BD7F4A002A23BD /* BaseTableView.swift */ = {isa = PBXFileReference; lastKnownFileType = sourcecode.swift; path = BaseTableView.swift; sourceTree = "<group>"; };
		9659920125BD80ED002A23BD /* MainViewController.swift */ = {isa = PBXFileReference; lastKnownFileType = sourcecode.swift; path = MainViewController.swift; sourceTree = "<group>"; };
		9659920525BD8304002A23BD /* MainBuilder.swift */ = {isa = PBXFileReference; lastKnownFileType = sourcecode.swift; path = MainBuilder.swift; sourceTree = "<group>"; };
		9659920E25BD84AD002A23BD /* DefaultCellView.swift */ = {isa = PBXFileReference; lastKnownFileType = sourcecode.swift; path = DefaultCellView.swift; sourceTree = "<group>"; };
		9699EDFA25CFFA6B00EF316E /* DatePickerCellView.swift */ = {isa = PBXFileReference; lastKnownFileType = sourcecode.swift; path = DatePickerCellView.swift; sourceTree = "<group>"; };
		9699EDFE25CFFA7A00EF316E /* DatePickerCellViewModel.swift */ = {isa = PBXFileReference; lastKnownFileType = sourcecode.swift; path = DatePickerCellViewModel.swift; sourceTree = "<group>"; };
		9699EE0325D009FB00EF316E /* DateFormatter+Extension.swift */ = {isa = PBXFileReference; lastKnownFileType = sourcecode.swift; path = "DateFormatter+Extension.swift"; sourceTree = "<group>"; };
		9699EE0625D0102E00EF316E /* UITextField+ToolBarDatePicker.swift */ = {isa = PBXFileReference; lastKnownFileType = sourcecode.swift; path = "UITextField+ToolBarDatePicker.swift"; sourceTree = "<group>"; };
		96C5E41125A5BD6B00E374B7 /* MoneyKeeper.app */ = {isa = PBXFileReference; explicitFileType = wrapper.application; includeInIndex = 0; path = MoneyKeeper.app; sourceTree = BUILT_PRODUCTS_DIR; };
		96C5E41425A5BD6B00E374B7 /* AppDelegate.swift */ = {isa = PBXFileReference; lastKnownFileType = sourcecode.swift; path = AppDelegate.swift; sourceTree = "<group>"; };
		96C5E41D25A5BD6C00E374B7 /* Assets.xcassets */ = {isa = PBXFileReference; lastKnownFileType = folder.assetcatalog; path = Assets.xcassets; sourceTree = "<group>"; };
		96C5E42225A5BD6C00E374B7 /* Info.plist */ = {isa = PBXFileReference; lastKnownFileType = text.plist.xml; path = Info.plist; sourceTree = "<group>"; };
		96E067BF25C6A1DE00DB7C35 /* CoreDataModel.xcdatamodel */ = {isa = PBXFileReference; lastKnownFileType = wrapper.xcdatamodel; path = CoreDataModel.xcdatamodel; sourceTree = "<group>"; };
		96F1972625CD7E5200B0B634 /* TextFieldView.swift */ = {isa = PBXFileReference; lastKnownFileType = sourcecode.swift; path = TextFieldView.swift; sourceTree = "<group>"; };
		96F1972B25CD801400B0B634 /* RoundedContainerCellView.swift */ = {isa = PBXFileReference; lastKnownFileType = sourcecode.swift; path = RoundedContainerCellView.swift; sourceTree = "<group>"; };
		96F1972F25CD829400B0B634 /* TextFieldCellViewModel.swift */ = {isa = PBXFileReference; lastKnownFileType = sourcecode.swift; path = TextFieldCellViewModel.swift; sourceTree = "<group>"; };
		96F1973625CD8B5300B0B634 /* CGFloat+IconSize.swift */ = {isa = PBXFileReference; lastKnownFileType = sourcecode.swift; path = "CGFloat+IconSize.swift"; sourceTree = "<group>"; };
		96F1973C25CDA73800B0B634 /* ButtonCellView.swift */ = {isa = PBXFileReference; lastKnownFileType = sourcecode.swift; path = ButtonCellView.swift; sourceTree = "<group>"; };
		96F1974025CDA93100B0B634 /* ButtonCellVuiewModel.swift */ = {isa = PBXFileReference; lastKnownFileType = sourcecode.swift; path = ButtonCellVuiewModel.swift; sourceTree = "<group>"; };
		96F4B0CE25C41A5B00E8339E /* DefaultCellViewModel.swift */ = {isa = PBXFileReference; lastKnownFileType = sourcecode.swift; path = DefaultCellViewModel.swift; sourceTree = "<group>"; };
		96F4B0D625C41C7600E8339E /* ConfigurableView.swift */ = {isa = PBXFileReference; lastKnownFileType = sourcecode.swift; path = ConfigurableView.swift; sourceTree = "<group>"; };
		96F4B0DB25C41DCF00E8339E /* ContainerTableCell.swift */ = {isa = PBXFileReference; lastKnownFileType = sourcecode.swift; path = ContainerTableCell.swift; sourceTree = "<group>"; };
		96F4B0E125C41E9100E8339E /* BaseTableViewCell.swift */ = {isa = PBXFileReference; lastKnownFileType = sourcecode.swift; path = BaseTableViewCell.swift; sourceTree = "<group>"; };
		96F4B0E625C420CC00E8339E /* DefaultCellContainer.swift */ = {isa = PBXFileReference; lastKnownFileType = sourcecode.swift; path = DefaultCellContainer.swift; sourceTree = "<group>"; };
		96F4B0E925C427DE00E8339E /* BaseContentInput.swift */ = {isa = PBXFileReference; lastKnownFileType = sourcecode.swift; path = BaseContentInput.swift; sourceTree = "<group>"; };
		C72F3F14515A182E96A67A2F /* Pods-MoneyKeeper.debug.xcconfig */ = {isa = PBXFileReference; includeInIndex = 1; lastKnownFileType = text.xcconfig; name = "Pods-MoneyKeeper.debug.xcconfig"; path = "Target Support Files/Pods-MoneyKeeper/Pods-MoneyKeeper.debug.xcconfig"; sourceTree = "<group>"; };
/* End PBXFileReference section */

/* Begin PBXFrameworksBuildPhase section */
		96C5E40E25A5BD6B00E374B7 /* Frameworks */ = {
			isa = PBXFrameworksBuildPhase;
			buildActionMask = 2147483647;
			files = (
				B84D0A6F0F874A7BA1770CE5 /* Pods_MoneyKeeper.framework in Frameworks */,
			);
			runOnlyForDeploymentPostprocessing = 0;
		};
/* End PBXFrameworksBuildPhase section */

/* Begin PBXGroup section */
		068B884A25FCFA05004E81F2 /* Firestore */ = {
			isa = PBXGroup;
			children = (
				068B884B25FCFA19004E81F2 /* FirestoreModel.swift */,
				068B885225FCFB08004E81F2 /* FAccount.swift */,
				068B885525FCFD67004E81F2 /* FTransaction.swift */,
				068B885825FD010B004E81F2 /* FCategory.swift */,
			);
			path = Firestore;
			sourceTree = "<group>";
		};
		068B886925FE2C6B004E81F2 /* AccountInfo */ = {
			isa = PBXGroup;
			children = (
				068B886A25FE2C75004E81F2 /* Assembly */,
				068B886B25FE2C7A004E81F2 /* ViewModel */,
				068B886C25FE2C81004E81F2 /* View */,
			);
			path = AccountInfo;
			sourceTree = "<group>";
		};
		068B886A25FE2C75004E81F2 /* Assembly */ = {
			isa = PBXGroup;
			children = (
				068B886D25FE2CAB004E81F2 /* ModuleFactory+AccountInfo.swift */,
			);
			path = Assembly;
			sourceTree = "<group>";
		};
		068B886B25FE2C7A004E81F2 /* ViewModel */ = {
			isa = PBXGroup;
			children = (
				068B887025FE2CBA004E81F2 /* AccuntInfoViewModel.swift */,
			);
			path = ViewModel;
			sourceTree = "<group>";
		};
		068B886C25FE2C81004E81F2 /* View */ = {
			isa = PBXGroup;
			children = (
				068B887325FE2CCD004E81F2 /* AccountInfoViewController.swift */,
				068B888725FE331E004E81F2 /* AccountInfoBuilder.swift */,
			);
			path = View;
			sourceTree = "<group>";
		};
		068B887625FE2D51004E81F2 /* AccountInfoCellView */ = {
			isa = PBXGroup;
			children = (
				068B887725FE2D91004E81F2 /* AcountInfoCellView.swift */,
				068B887A25FE2F12004E81F2 /* AccountInfoCellViewModel.swift */,
			);
			path = AccountInfoCellView;
			sourceTree = "<group>";
		};
		068B887E25FE2F84004E81F2 /* TransactionCellView */ = {
			isa = PBXGroup;
			children = (
				068B888025FE2FAA004E81F2 /* TransactionCellView.swift */,
				068B888425FE2FCD004E81F2 /* TransactionCellViewModel.swift */,
			);
			path = TransactionCellView;
			sourceTree = "<group>";
		};
		068B88922604A5F1004E81F2 /* Foundation */ = {
			isa = PBXGroup;
			children = (
				068B88932604A604004E81F2 /* Date+CompareDates.swift */,
				068B889F2605FA57004E81F2 /* NumberFormatter+RUB.swift */,
			);
			path = Foundation;
			sourceTree = "<group>";
		};
		068B88962604A9BF004E81F2 /* TableSectionHeader */ = {
			isa = PBXGroup;
			children = (
				068B88982604A9DE004E81F2 /* TableSectionHeaderView.swift */,
			);
			path = TableSectionHeader;
			sourceTree = "<group>";
		};
		068B88A926061611004E81F2 /* Assembly */ = {
			isa = PBXGroup;
			children = (
				068B88AB2606162A004E81F2 /* ModuleFactory+CategoriesList.swift */,
			);
			path = Assembly;
			sourceTree = "<group>";
		};
		0690793025EA84CE008B38DB /* SegmentedControllCell */ = {
			isa = PBXGroup;
			children = (
				0690793125EA84FF008B38DB /* SegmentedControlCellView.swift */,
				0690793525EA85BD008B38DB /* SegmentedControllCellViewModel.swift */,
			);
			path = SegmentedControllCell;
			sourceTree = "<group>";
		};
		0690798A25F53AAE008B38DB /* CategoriesList */ = {
			isa = PBXGroup;
			children = (
				068B88A926061611004E81F2 /* Assembly */,
				0690799F25F61416008B38DB /* View */,
				0690799E25F6140F008B38DB /* ViewModel */,
			);
			path = CategoriesList;
			sourceTree = "<group>";
		};
		0690799025F53B4C008B38DB /* AccountsList */ = {
			isa = PBXGroup;
			children = (
				0690799B25F613D5008B38DB /* View */,
				0690799C25F613D9008B38DB /* ViewModel */,
			);
			path = AccountsList;
			sourceTree = "<group>";
		};
		0690799B25F613D5008B38DB /* View */ = {
			isa = PBXGroup;
			children = (
				0690799225F53B87008B38DB /* AccountsListViewController.swift */,
			);
			path = View;
			sourceTree = "<group>";
		};
		0690799C25F613D9008B38DB /* ViewModel */ = {
			isa = PBXGroup;
			children = (
				0690798125F51647008B38DB /* AccountsListViewModel.swift */,
			);
			path = ViewModel;
			sourceTree = "<group>";
		};
		0690799E25F6140F008B38DB /* ViewModel */ = {
			isa = PBXGroup;
			children = (
				0690798425F51734008B38DB /* CategoriesListViewModel.swift */,
			);
			path = ViewModel;
			sourceTree = "<group>";
		};
		0690799F25F61416008B38DB /* View */ = {
			isa = PBXGroup;
			children = (
				0690798B25F53AEB008B38DB /* CategoriesListViewController.swift */,
			);
			path = View;
			sourceTree = "<group>";
		};
		069079B625F651A5008B38DB /* Login */ = {
			isa = PBXGroup;
			children = (
				069079B725F651B8008B38DB /* Assembly */,
				069079B925F651C3008B38DB /* ViewModel */,
				069079B825F651BE008B38DB /* View */,
			);
			path = Login;
			sourceTree = "<group>";
		};
		069079B725F651B8008B38DB /* Assembly */ = {
			isa = PBXGroup;
			children = (
				069079BA25F651F2008B38DB /* ModuleFactory+Login.swift */,
			);
			path = Assembly;
			sourceTree = "<group>";
		};
		069079B825F651BE008B38DB /* View */ = {
			isa = PBXGroup;
			children = (
				069079BE25F6523A008B38DB /* LoginViewController.swift */,
			);
			path = View;
			sourceTree = "<group>";
		};
		069079B925F651C3008B38DB /* ViewModel */ = {
			isa = PBXGroup;
			children = (
				069079C525F652AA008B38DB /* LoginViewModel.swift */,
			);
			path = ViewModel;
			sourceTree = "<group>";
		};
		069079C125F65267008B38DB /* Views */ = {
			isa = PBXGroup;
			children = (
				068B88962604A9BF004E81F2 /* TableSectionHeader */,
				965990C325B615BE002A23BD /* BaseView.swift */,
				069079C225F65274008B38DB /* LoginView.swift */,
			);
			path = Views;
			sourceTree = "<group>";
		};
		06907A1425F65CD2008B38DB /* AuthCoordinator */ = {
			isa = PBXGroup;
			children = (
				06907A1625F65CE9008B38DB /* AuthCoordinator.swift */,
			);
			path = AuthCoordinator;
			sourceTree = "<group>";
		};
		06907A1A25F677B8008B38DB /* Services */ = {
			isa = PBXGroup;
			children = (
				96504A5625C5FB4600F4D960 /* CoreDataStorage.swift */,
				06907A2125F938B3008B38DB /* AuthProviders */,
				0698E98125E27093000ED813 /* BaseFormValidator */,
				068B885D25FD0335004E81F2 /* FirebaseStorage.swift */,
				068B886125FD0357004E81F2 /* StorageProvider.swift */,
			);
			path = Services;
			sourceTree = "<group>";
		};
		06907A2125F938B3008B38DB /* AuthProviders */ = {
			isa = PBXGroup;
			children = (
				06907A2C25FA860E008B38DB /* AuthProvider.swift */,
				06907A2225F938C9008B38DB /* GoogleAuthProvider.swift */,
			);
			path = AuthProviders;
			sourceTree = "<group>";
		};
		06907A3425FA9C51008B38DB /* Core Data */ = {
			isa = PBXGroup;
			children = (
				0690796725F4FA36008B38DB /* Category+CoreDataClass copy.swift */,
				0690796825F4FA36008B38DB /* Account+CoreDataProperties copy.swift */,
				0690796925F4FA36008B38DB /* Transaction+CoreDataClass copy.swift */,
				0690796A25F4FA37008B38DB /* Account+CoreDataClass copy.swift */,
				0690796B25F4FA37008B38DB /* Category+CoreDataProperties copy.swift */,
				96E067BE25C6A1DE00DB7C35 /* MoneyKeeper.xcdatamodeld */,
				0690796625F4FA36008B38DB /* Transaction+CoreDataProperties copy.swift */,
			);
			path = "Core Data";
			sourceTree = "<group>";
		};
		06907A3925FA9D7A008B38DB /* UI */ = {
			isa = PBXGroup;
			children = (
				0698E99525E27AB7000ED813 /* TextFieldVIewModel+Fabric.swift */,
				965049CB25C566EC00F4D960 /* TableSection+Init.swift */,
				96F1973625CD8B5300B0B634 /* CGFloat+IconSize.swift */,
				9699EE0325D009FB00EF316E /* DateFormatter+Extension.swift */,
				9699EE0625D0102E00EF316E /* UITextField+ToolBarDatePicker.swift */,
				06EAB25F25E2872600E05FAB /* UIButton+BackgoundColorForState.swift */,
				068B888A25FE4D15004E81F2 /* CACornerMask+RoundedCorners.swift */,
			);
			path = UI;
			sourceTree = "<group>";
		};
		06907A3A25FA9D7F008B38DB /* CoreData */ = {
			isa = PBXGroup;
			children = (
				0690797425F4FACF008B38DB /* Transactions+DirectionType.swift */,
			);
			path = CoreData;
			sourceTree = "<group>";
		};
		0698E98125E27093000ED813 /* BaseFormValidator */ = {
			isa = PBXGroup;
			children = (
				0698E98225E270A8000ED813 /* BaseFormValidator.swift */,
			);
			path = BaseFormValidator;
			sourceTree = "<group>";
		};
		06EAB26225E2901C00E05FAB /* BaseList */ = {
			isa = PBXGroup;
			children = (
				06EAB26325E2902700E05FAB /* Assembly */,
				06EAB26425E2902D00E05FAB /* View */,
				06EAB26525E2903300E05FAB /* ViewModel */,
			);
			path = BaseList;
			sourceTree = "<group>";
		};
		06EAB26325E2902700E05FAB /* Assembly */ = {
			isa = PBXGroup;
			children = (
				06EAB27625E2944E00E05FAB /* ModuleFactory+DataList.swift */,
			);
			path = Assembly;
			sourceTree = "<group>";
		};
		06EAB26425E2902D00E05FAB /* View */ = {
			isa = PBXGroup;
			children = (
				06EAB26625E2904E00E05FAB /* DataListViewController.swift */,
				06EAB26C25E2909700E05FAB /* DataListBuilder.swift */,
			);
			path = View;
			sourceTree = "<group>";
		};
		06EAB26525E2903300E05FAB /* ViewModel */ = {
			isa = PBXGroup;
			children = (
				0690797B25F51553008B38DB /* DataListViewModel.swift */,
			);
			path = ViewModel;
			sourceTree = "<group>";
		};
		06EAB26F25E290EC00E05FAB /* TitleCellView */ = {
			isa = PBXGroup;
			children = (
				06EAB27025E2910200E05FAB /* TitleCellView.swift */,
				06EAB27325E2916A00E05FAB /* TitleCellViewModel.swift */,
			);
			path = TitleCellView;
			sourceTree = "<group>";
		};
		06EAB27925E2959800E05FAB /* AddTransactionCoordinator */ = {
			isa = PBXGroup;
			children = (
				06EAB27A25E295B500E05FAB /* AddTransactionCoordinator.swift */,
			);
			path = AddTransactionCoordinator;
			sourceTree = "<group>";
		};
		2A055ED933CDF92A070CB48C /* Pods */ = {
			isa = PBXGroup;
			children = (
				C72F3F14515A182E96A67A2F /* Pods-MoneyKeeper.debug.xcconfig */,
				000B42E85F7F77B09B44A082 /* Pods-MoneyKeeper.release.xcconfig */,
			);
			path = Pods;
			sourceTree = "<group>";
		};
		30D44F94B445762FCB2EF73B /* Frameworks */ = {
			isa = PBXGroup;
			children = (
				655B31EEA48C2F26B86A21C7 /* Pods_MoneyKeeper.framework */,
			);
			name = Frameworks;
			sourceTree = "<group>";
		};
		961B5E5025A890C500C7BADE /* Controllers */ = {
			isa = PBXGroup;
			children = (
				965990A625B44B46002A23BD /* BaseViewController.swift */,
				068B886925FE2C6B004E81F2 /* AccountInfo */,
				965991F825BD7D2D002A23BD /* BaseTableController */,
				069079B625F651A5008B38DB /* Login */,
				06EAB26225E2901C00E05FAB /* BaseList */,
				0690799025F53B4C008B38DB /* AccountsList */,
				0690798A25F53AAE008B38DB /* CategoriesList */,
				961C080F25CEC76000C8E300 /* AddTransaction */,
				961CF20F25CAA3A900ED1BD3 /* AddAccount */,
				9659911E25B89753002A23BD /* Main */,
			);
			path = Controllers;
			sourceTree = "<group>";
		};
		961C080725CEA0F000C8E300 /* AccountCellView */ = {
			isa = PBXGroup;
			children = (
				961C080825CEA0FD00C8E300 /* AccountCellView.swift */,
				961C080B25CEA10B00C8E300 /* AccountCellViewModel.swift */,
			);
			path = AccountCellView;
			sourceTree = "<group>";
		};
		961C080F25CEC76000C8E300 /* AddTransaction */ = {
			isa = PBXGroup;
			children = (
				961C081125CEC77400C8E300 /* Assembly */,
				961C081325CEC77F00C8E300 /* View */,
				961C081225CEC77A00C8E300 /* ViewModel */,
			);
			path = AddTransaction;
			sourceTree = "<group>";
		};
		961C081125CEC77400C8E300 /* Assembly */ = {
			isa = PBXGroup;
			children = (
				961C082525CEDC4C00C8E300 /* ModuleFactory+AddTranaction.swift */,
			);
			path = Assembly;
			sourceTree = "<group>";
		};
		961C081225CEC77A00C8E300 /* ViewModel */ = {
			isa = PBXGroup;
			children = (
				961C081B25CEC7AD00C8E300 /* AddTransactionViewModel.swift */,
				0690793A25F4D098008B38DB /* AddTransactionFormValidator.swift */,
			);
			path = ViewModel;
			sourceTree = "<group>";
		};
		961C081325CEC77F00C8E300 /* View */ = {
			isa = PBXGroup;
			children = (
				961C081425CEC78E00C8E300 /* AddTransactionViewController.swift */,
				961C081725CEC79800C8E300 /* AddTransactionBuilder.swift */,
			);
			path = View;
			sourceTree = "<group>";
		};
		961C081E25CEC9D900C8E300 /* SelectCellView */ = {
			isa = PBXGroup;
			children = (
				961C081F25CEC9EA00C8E300 /* SelectCellView.swift */,
				961C082225CEC9F700C8E300 /* SelectCellViewModel.swift */,
			);
			path = SelectCellView;
			sourceTree = "<group>";
		};
		961CF20F25CAA3A900ED1BD3 /* AddAccount */ = {
			isa = PBXGroup;
			children = (
				961CF21525CAA9A700ED1BD3 /* Assembly */,
				961CF21725CAA9B100ED1BD3 /* View */,
				961CF21625CAA9AC00ED1BD3 /* ViewModel */,
			);
			path = AddAccount;
			sourceTree = "<group>";
		};
		961CF21525CAA9A700ED1BD3 /* Assembly */ = {
			isa = PBXGroup;
			children = (
				961CF22125CAAD3F00ED1BD3 /* ModuleFactory+AddAccountModule.swift */,
			);
			path = Assembly;
			sourceTree = "<group>";
		};
		961CF21625CAA9AC00ED1BD3 /* ViewModel */ = {
			isa = PBXGroup;
			children = (
				961CF21B25CAAA7C00ED1BD3 /* AddAccountViewModel.swift */,
				0698E97E25E26FFA000ED813 /* AddAccountFormValidator.swift */,
			);
			path = ViewModel;
			sourceTree = "<group>";
		};
		961CF21725CAA9B100ED1BD3 /* View */ = {
			isa = PBXGroup;
			children = (
				961CF21825CAA9CA00ED1BD3 /* AddAccountViewController.swift */,
				961CF21E25CAAAB000ED1BD3 /* AddAccountBuilder.swift */,
			);
			path = View;
			sourceTree = "<group>";
		};
		961CF25025CD5D5700ED1BD3 /* Coordinators */ = {
			isa = PBXGroup;
			children = (
				961CF26D25CD7A6A00ED1BD3 /* Base */,
				06907A1425F65CD2008B38DB /* AuthCoordinator */,
				961CF26A25CD7A0800ED1BD3 /* MainCoordinator */,
				961CF25D25CD600C00ED1BD3 /* Factory */,
				9621808925CDF6D6001A386D /* AddAccountCoordinator */,
				06EAB27925E2959800E05FAB /* AddTransactionCoordinator */,
			);
			path = Coordinators;
			sourceTree = "<group>";
		};
		961CF25D25CD600C00ED1BD3 /* Factory */ = {
			isa = PBXGroup;
			children = (
				9659912525B898DC002A23BD /* ModuleFactory.swift */,
				961CF25825CD5F3900ED1BD3 /* CoordinatorFactory.swift */,
			);
			path = Factory;
			sourceTree = "<group>";
		};
		961CF26A25CD7A0800ED1BD3 /* MainCoordinator */ = {
			isa = PBXGroup;
			children = (
				961CF25125CD5D6100ED1BD3 /* MainCoordinator.swift */,
			);
			path = MainCoordinator;
			sourceTree = "<group>";
		};
		961CF26C25CD7A5800ED1BD3 /* Coordinator */ = {
			isa = PBXGroup;
			children = (
				961CF24225CD5B8400ED1BD3 /* Coordinator.swift */,
				961CF24D25CD5CEF00ED1BD3 /* Presentable.swift */,
				961CF24A25CD5CDF00ED1BD3 /* Router.swift */,
			);
			path = Coordinator;
			sourceTree = "<group>";
		};
		961CF26D25CD7A6A00ED1BD3 /* Base */ = {
			isa = PBXGroup;
			children = (
				961CF24625CD5CA400ED1BD3 /* BaseCoordinator.swift */,
				961CF26425CD649100ED1BD3 /* RouterImp.swift */,
			);
			path = Base;
			sourceTree = "<group>";
		};
		9621808925CDF6D6001A386D /* AddAccountCoordinator */ = {
			isa = PBXGroup;
			children = (
				9621808A25CDF6E4001A386D /* AddAccountCoordinator.swift */,
			);
			path = AddAccountCoordinator;
			sourceTree = "<group>";
		};
		96504A0C25C5A7A600F4D960 /* Localization */ = {
			isa = PBXGroup;
			children = (
				0690791B25EA73EE008B38DB /* Localizable.strings */,
			);
			path = Localization;
			sourceTree = "<group>";
		};
		96504A2025C5A96400F4D960 /* DefaultCellView */ = {
			isa = PBXGroup;
			children = (
				9659920E25BD84AD002A23BD /* DefaultCellView.swift */,
				96F4B0CE25C41A5B00E8339E /* DefaultCellViewModel.swift */,
			);
			path = DefaultCellView;
			sourceTree = "<group>";
		};
		96504A2125C5A97B00F4D960 /* CenterIconCellView */ = {
			isa = PBXGroup;
			children = (
				96504A2225C5A9BB00F4D960 /* CenterIconCellView.swift */,
				96504A2625C5AC2300F4D960 /* TappableCellViewModel.swift */,
			);
			path = CenterIconCellView;
			sourceTree = "<group>";
		};
		9659911E25B89753002A23BD /* Main */ = {
			isa = PBXGroup;
			children = (
				9659911F25B8975F002A23BD /* Assembly */,
				9659912125B8976D002A23BD /* ViewModel */,
				9659912025B89767002A23BD /* View */,
			);
			path = Main;
			sourceTree = "<group>";
		};
		9659911F25B8975F002A23BD /* Assembly */ = {
			isa = PBXGroup;
			children = (
				9659912825B8990C002A23BD /* ModuleFactory+MainModule.swift */,
			);
			path = Assembly;
			sourceTree = "<group>";
		};
		9659912025B89767002A23BD /* View */ = {
			isa = PBXGroup;
			children = (
				9659920125BD80ED002A23BD /* MainViewController.swift */,
				9659920525BD8304002A23BD /* MainBuilder.swift */,
			);
			path = View;
			sourceTree = "<group>";
		};
		9659912125B8976D002A23BD /* ViewModel */ = {
			isa = PBXGroup;
			children = (
				9659912B25B89AA4002A23BD /* MainViewModel.swift */,
			);
			path = ViewModel;
			sourceTree = "<group>";
		};
		965991F825BD7D2D002A23BD /* BaseTableController */ = {
			isa = PBXGroup;
			children = (
				065F7FEB25E268C000597A94 /* BaseTableBuilder.swift */,
				965991F925BD7D50002A23BD /* BaseTableController.swift */,
				965991FD25BD7F4A002A23BD /* BaseTableView.swift */,
			);
			path = BaseTableController;
			sourceTree = "<group>";
		};
		9659920825BD836F002A23BD /* CellViews */ = {
			isa = PBXGroup;
			children = (
				068B887E25FE2F84004E81F2 /* TransactionCellView */,
				068B887625FE2D51004E81F2 /* AccountInfoCellView */,
				0690793025EA84CE008B38DB /* SegmentedControllCell */,
				06EAB26F25E290EC00E05FAB /* TitleCellView */,
				96F1972A25CD800100B0B634 /* RoundedContainerView */,
				96504A2025C5A96400F4D960 /* DefaultCellView */,
				9699EDF925CFFA5000EF316E /* DatePickerCellView */,
				961C081E25CEC9D900C8E300 /* SelectCellView */,
				961C080725CEA0F000C8E300 /* AccountCellView */,
				96F1973A25CDA72800B0B634 /* ButtonCellView */,
				96F1972525CD7E3B00B0B634 /* TextFieldCellView */,
				96504A2125C5A97B00F4D960 /* CenterIconCellView */,
			);
			path = CellViews;
			sourceTree = "<group>";
		};
		9699EDF925CFFA5000EF316E /* DatePickerCellView */ = {
			isa = PBXGroup;
			children = (
				9699EDFA25CFFA6B00EF316E /* DatePickerCellView.swift */,
				9699EDFE25CFFA7A00EF316E /* DatePickerCellViewModel.swift */,
			);
			path = DatePickerCellView;
			sourceTree = "<group>";
		};
		96C5E40825A5BD6B00E374B7 = {
			isa = PBXGroup;
			children = (
				96C5E41325A5BD6B00E374B7 /* MoneyKeeper */,
				96C5E41225A5BD6B00E374B7 /* Products */,
				2A055ED933CDF92A070CB48C /* Pods */,
				30D44F94B445762FCB2EF73B /* Frameworks */,
			);
			sourceTree = "<group>";
		};
		96C5E41225A5BD6B00E374B7 /* Products */ = {
			isa = PBXGroup;
			children = (
				96C5E41125A5BD6B00E374B7 /* MoneyKeeper.app */,
			);
			name = Products;
			sourceTree = "<group>";
		};
		96C5E41325A5BD6B00E374B7 /* MoneyKeeper */ = {
			isa = PBXGroup;
			children = (
				96C5E42E25A5BE1E00E374B7 /* Application */,
				96C5E43125A5BE6F00E374B7 /* Base */,
				96E067BC25C6A1DE00DB7C35 /* Models */,
				06907A1A25F677B8008B38DB /* Services */,
				961CF25025CD5D5700ED1BD3 /* Coordinators */,
				961B5E5025A890C500C7BADE /* Controllers */,
				96F4B0DA25C41CC800E8339E /* Cells */,
				069079C125F65267008B38DB /* Views */,
				96C5E45025A5C27B00E374B7 /* Utils */,
				96C5E44525A5C10A00E374B7 /* Extensions */,
				96C5E43025A5BE5A00E374B7 /* Resources */,
			);
			path = MoneyKeeper;
			sourceTree = "<group>";
		};
		96C5E42E25A5BE1E00E374B7 /* Application */ = {
			isa = PBXGroup;
			children = (
				96C5E41425A5BD6B00E374B7 /* AppDelegate.swift */,
				961CF26725CD698B00ED1BD3 /* ApplicationCoordinator.swift */,
				96C5E42225A5BD6C00E374B7 /* Info.plist */,
			);
			path = Application;
			sourceTree = "<group>";
		};
		96C5E43025A5BE5A00E374B7 /* Resources */ = {
			isa = PBXGroup;
			children = (
				96504A0C25C5A7A600F4D960 /* Localization */,
				965049DF25C5999B00F4D960 /* Strings.swift */,
				069079A125F62883008B38DB /* GoogleService-Info.plist */,
				965049D825C5969500F4D960 /* Colors.swift */,
				965049D325C5960100F4D960 /* Images.swift */,
				96C5E41D25A5BD6C00E374B7 /* Assets.xcassets */,
				0690791125EA72FA008B38DB /* categoriesInitial.plist */,
				0690792D25EA7F61008B38DB /* Keys.swift */,
			);
			path = Resources;
			sourceTree = "<group>";
		};
		96C5E43125A5BE6F00E374B7 /* Base */ = {
			isa = PBXGroup;
			children = (
				96F4B0D925C41CAA00E8339E /* Protocols */,
			);
			path = Base;
			sourceTree = "<group>";
		};
		96C5E44525A5C10A00E374B7 /* Extensions */ = {
			isa = PBXGroup;
			children = (
				068B88922604A5F1004E81F2 /* Foundation */,
				06907A3A25FA9D7F008B38DB /* CoreData */,
				06907A3925FA9D7A008B38DB /* UI */,
			);
			path = Extensions;
			sourceTree = "<group>";
		};
		96C5E45025A5C27B00E374B7 /* Utils */ = {
			isa = PBXGroup;
			children = (
				96504A2925C5AD9200F4D960 /* Typealias.swift */,
				0698E97825E26CC5000ED813 /* MKNavigationController.swift */,
				0690794325F4D359008B38DB /* StringConverter.swift */,
				06907A1125F65A4A008B38DB /* AuthProviderButton.swift */,
			);
			path = Utils;
			sourceTree = "<group>";
		};
		96E067BC25C6A1DE00DB7C35 /* Models */ = {
			isa = PBXGroup;
			children = (
				069079B325F64717008B38DB /* CategoryListInput.swift */,
				068B884A25FCFA05004E81F2 /* Firestore */,
				06907A3425FA9C51008B38DB /* Core Data */,
			);
			path = Models;
			sourceTree = "<group>";
		};
		96F1972525CD7E3B00B0B634 /* TextFieldCellView */ = {
			isa = PBXGroup;
			children = (
				96F1972625CD7E5200B0B634 /* TextFieldView.swift */,
				96F1972F25CD829400B0B634 /* TextFieldCellViewModel.swift */,
			);
			path = TextFieldCellView;
			sourceTree = "<group>";
		};
		96F1972A25CD800100B0B634 /* RoundedContainerView */ = {
			isa = PBXGroup;
			children = (
				96F1972B25CD801400B0B634 /* RoundedContainerCellView.swift */,
			);
			path = RoundedContainerView;
			sourceTree = "<group>";
		};
		96F1973A25CDA72800B0B634 /* ButtonCellView */ = {
			isa = PBXGroup;
			children = (
				96F1973C25CDA73800B0B634 /* ButtonCellView.swift */,
				96F1974025CDA93100B0B634 /* ButtonCellVuiewModel.swift */,
			);
			path = ButtonCellView;
			sourceTree = "<group>";
		};
		96F4B0D925C41CAA00E8339E /* Protocols */ = {
			isa = PBXGroup;
			children = (
				961CF26C25CD7A5800ED1BD3 /* Coordinator */,
				96F4B0D625C41C7600E8339E /* ConfigurableView.swift */,
				96F4B0E925C427DE00E8339E /* BaseContentInput.swift */,
			);
			path = Protocols;
			sourceTree = "<group>";
		};
		96F4B0DA25C41CC800E8339E /* Cells */ = {
			isa = PBXGroup;
			children = (
				96F4B0E125C41E9100E8339E /* BaseTableViewCell.swift */,
				96F4B0DB25C41DCF00E8339E /* ContainerTableCell.swift */,
				068B888D26049A30004E81F2 /* TransactionsListCellContainer.swift */,
				96F4B0E625C420CC00E8339E /* DefaultCellContainer.swift */,
				9659920825BD836F002A23BD /* CellViews */,
			);
			path = Cells;
			sourceTree = "<group>";
		};
/* End PBXGroup section */

/* Begin PBXNativeTarget section */
		96C5E41025A5BD6B00E374B7 /* MoneyKeeper */ = {
			isa = PBXNativeTarget;
			buildConfigurationList = 96C5E42525A5BD6C00E374B7 /* Build configuration list for PBXNativeTarget "MoneyKeeper" */;
			buildPhases = (
				F8EDBF068F87B21ABB37DCBA /* [CP] Check Pods Manifest.lock */,
				96C5E40D25A5BD6B00E374B7 /* Sources */,
				96C5E40E25A5BD6B00E374B7 /* Frameworks */,
				96C5E40F25A5BD6B00E374B7 /* Resources */,
				0A7631C2F633A3B01D996DD5 /* [CP] Embed Pods Frameworks */,
				6B81B6C1648A0BC289DE6144 /* [CP] Copy Pods Resources */,
			);
			buildRules = (
			);
			dependencies = (
			);
			name = MoneyKeeper;
			productName = MoneyKeeper;
			productReference = 96C5E41125A5BD6B00E374B7 /* MoneyKeeper.app */;
			productType = "com.apple.product-type.application";
		};
/* End PBXNativeTarget section */

/* Begin PBXProject section */
		96C5E40925A5BD6B00E374B7 /* Project object */ = {
			isa = PBXProject;
			attributes = {
				LastSwiftUpdateCheck = 1230;
				LastUpgradeCheck = 1230;
				TargetAttributes = {
					96C5E41025A5BD6B00E374B7 = {
						CreatedOnToolsVersion = 12.3;
					};
				};
			};
			buildConfigurationList = 96C5E40C25A5BD6B00E374B7 /* Build configuration list for PBXProject "MoneyKeeper" */;
			compatibilityVersion = "Xcode 9.3";
			developmentRegion = en;
			hasScannedForEncodings = 0;
			knownRegions = (
				en,
				Base,
				ru,
			);
			mainGroup = 96C5E40825A5BD6B00E374B7;
			productRefGroup = 96C5E41225A5BD6B00E374B7 /* Products */;
			projectDirPath = "";
			projectRoot = "";
			targets = (
				96C5E41025A5BD6B00E374B7 /* MoneyKeeper */,
			);
		};
/* End PBXProject section */

/* Begin PBXResourcesBuildPhase section */
		96C5E40F25A5BD6B00E374B7 /* Resources */ = {
			isa = PBXResourcesBuildPhase;
			buildActionMask = 2147483647;
			files = (
				96C5E41E25A5BD6C00E374B7 /* Assets.xcassets in Resources */,
				069079A225F62883008B38DB /* GoogleService-Info.plist in Resources */,
				0690791225EA72FA008B38DB /* categoriesInitial.plist in Resources */,
				0690791925EA73EE008B38DB /* Localizable.strings in Resources */,
			);
			runOnlyForDeploymentPostprocessing = 0;
		};
/* End PBXResourcesBuildPhase section */

/* Begin PBXShellScriptBuildPhase section */
		0A7631C2F633A3B01D996DD5 /* [CP] Embed Pods Frameworks */ = {
			isa = PBXShellScriptBuildPhase;
			buildActionMask = 2147483647;
			files = (
			);
			inputFileListPaths = (
				"${PODS_ROOT}/Target Support Files/Pods-MoneyKeeper/Pods-MoneyKeeper-frameworks-${CONFIGURATION}-input-files.xcfilelist",
			);
			name = "[CP] Embed Pods Frameworks";
			outputFileListPaths = (
				"${PODS_ROOT}/Target Support Files/Pods-MoneyKeeper/Pods-MoneyKeeper-frameworks-${CONFIGURATION}-output-files.xcfilelist",
			);
			runOnlyForDeploymentPostprocessing = 0;
			shellPath = /bin/sh;
			shellScript = "\"${PODS_ROOT}/Target Support Files/Pods-MoneyKeeper/Pods-MoneyKeeper-frameworks.sh\"\n";
			showEnvVarsInLog = 0;
		};
		6B81B6C1648A0BC289DE6144 /* [CP] Copy Pods Resources */ = {
			isa = PBXShellScriptBuildPhase;
			buildActionMask = 2147483647;
			files = (
			);
			inputFileListPaths = (
				"${PODS_ROOT}/Target Support Files/Pods-MoneyKeeper/Pods-MoneyKeeper-resources-${CONFIGURATION}-input-files.xcfilelist",
			);
			name = "[CP] Copy Pods Resources";
			outputFileListPaths = (
				"${PODS_ROOT}/Target Support Files/Pods-MoneyKeeper/Pods-MoneyKeeper-resources-${CONFIGURATION}-output-files.xcfilelist",
			);
			runOnlyForDeploymentPostprocessing = 0;
			shellPath = /bin/sh;
			shellScript = "\"${PODS_ROOT}/Target Support Files/Pods-MoneyKeeper/Pods-MoneyKeeper-resources.sh\"\n";
			showEnvVarsInLog = 0;
		};
		F8EDBF068F87B21ABB37DCBA /* [CP] Check Pods Manifest.lock */ = {
			isa = PBXShellScriptBuildPhase;
			buildActionMask = 2147483647;
			files = (
			);
			inputFileListPaths = (
			);
			inputPaths = (
				"${PODS_PODFILE_DIR_PATH}/Podfile.lock",
				"${PODS_ROOT}/Manifest.lock",
			);
			name = "[CP] Check Pods Manifest.lock";
			outputFileListPaths = (
			);
			outputPaths = (
				"$(DERIVED_FILE_DIR)/Pods-MoneyKeeper-checkManifestLockResult.txt",
			);
			runOnlyForDeploymentPostprocessing = 0;
			shellPath = /bin/sh;
			shellScript = "diff \"${PODS_PODFILE_DIR_PATH}/Podfile.lock\" \"${PODS_ROOT}/Manifest.lock\" > /dev/null\nif [ $? != 0 ] ; then\n    # print error to STDERR\n    echo \"error: The sandbox is not in sync with the Podfile.lock. Run 'pod install' or update your CocoaPods installation.\" >&2\n    exit 1\nfi\n# This output is used by Xcode 'outputs' to avoid re-running this script phase.\necho \"SUCCESS\" > \"${SCRIPT_OUTPUT_FILE_0}\"\n";
			showEnvVarsInLog = 0;
		};
/* End PBXShellScriptBuildPhase section */

/* Begin PBXSourcesBuildPhase section */
		96C5E40D25A5BD6B00E374B7 /* Sources */ = {
			isa = PBXSourcesBuildPhase;
			buildActionMask = 2147483647;
			files = (
				068B886225FD0357004E81F2 /* StorageProvider.swift in Sources */,
				9659920225BD80ED002A23BD /* MainViewController.swift in Sources */,
				06907A2325F938C9008B38DB /* GoogleAuthProvider.swift in Sources */,
				96504A2A25C5AD9200F4D960 /* Typealias.swift in Sources */,
				0690798525F51734008B38DB /* CategoriesListViewModel.swift in Sources */,
				06EAB26725E2904E00E05FAB /* DataListViewController.swift in Sources */,
				961CF26525CD649100ED1BD3 /* RouterImp.swift in Sources */,
				96F4B0E225C41E9100E8339E /* BaseTableViewCell.swift in Sources */,
				068B88AC2606162A004E81F2 /* ModuleFactory+CategoriesList.swift in Sources */,
				961C081C25CEC7AD00C8E300 /* AddTransactionViewModel.swift in Sources */,
				961CF21C25CAAA7C00ED1BD3 /* AddAccountViewModel.swift in Sources */,
				06EAB26D25E2909700E05FAB /* DataListBuilder.swift in Sources */,
				96504A2325C5A9BB00F4D960 /* CenterIconCellView.swift in Sources */,
				0690793B25F4D098008B38DB /* AddTransactionFormValidator.swift in Sources */,
				961CF25225CD5D6100ED1BD3 /* MainCoordinator.swift in Sources */,
				96F1974125CDA93100B0B634 /* ButtonCellVuiewModel.swift in Sources */,
				96504A2725C5AC2300F4D960 /* TappableCellViewModel.swift in Sources */,
				0690796D25F4FA37008B38DB /* Category+CoreDataClass copy.swift in Sources */,
				96F1973025CD829400B0B634 /* TextFieldCellViewModel.swift in Sources */,
				9621808B25CDF6E4001A386D /* AddAccountCoordinator.swift in Sources */,
				06EAB26025E2872600E05FAB /* UIButton+BackgoundColorForState.swift in Sources */,
				961C080925CEA0FD00C8E300 /* AccountCellView.swift in Sources */,
				961C080C25CEA10B00C8E300 /* AccountCellViewModel.swift in Sources */,
				0690794425F4D359008B38DB /* StringConverter.swift in Sources */,
				9659912C25B89AA4002A23BD /* MainViewModel.swift in Sources */,
				96F1972725CD7E5200B0B634 /* TextFieldView.swift in Sources */,
				965049D425C5960200F4D960 /* Images.swift in Sources */,
				961C082325CEC9F700C8E300 /* SelectCellViewModel.swift in Sources */,
				961CF21F25CAAAB000ED1BD3 /* AddAccountBuilder.swift in Sources */,
				069079B425F64717008B38DB /* CategoryListInput.swift in Sources */,
				068B888B25FE4D15004E81F2 /* CACornerMask+RoundedCorners.swift in Sources */,
				961CF24B25CD5CDF00ED1BD3 /* Router.swift in Sources */,
				068B885925FD010B004E81F2 /* FCategory.swift in Sources */,
				068B887125FE2CBA004E81F2 /* AccuntInfoViewModel.swift in Sources */,
				068B888E26049A30004E81F2 /* TransactionsListCellContainer.swift in Sources */,
				068B885E25FD0335004E81F2 /* FirebaseStorage.swift in Sources */,
				965990A725B44B46002A23BD /* BaseViewController.swift in Sources */,
				068B888125FE2FAA004E81F2 /* TransactionCellView.swift in Sources */,
				069079BF25F6523A008B38DB /* LoginViewController.swift in Sources */,
				96F1973D25CDA73800B0B634 /* ButtonCellView.swift in Sources */,
				06907A2D25FA860E008B38DB /* AuthProvider.swift in Sources */,
				9699EE0725D0102E00EF316E /* UITextField+ToolBarDatePicker.swift in Sources */,
				068B88A02605FA58004E81F2 /* NumberFormatter+RUB.swift in Sources */,
				96C5E41525A5BD6B00E374B7 /* AppDelegate.swift in Sources */,
				0690797C25F51553008B38DB /* DataListViewModel.swift in Sources */,
				069079C625F652AA008B38DB /* LoginViewModel.swift in Sources */,
				068B888825FE331E004E81F2 /* AccountInfoBuilder.swift in Sources */,
				0690797025F4FA37008B38DB /* Account+CoreDataClass copy.swift in Sources */,
				068B888525FE2FCD004E81F2 /* TransactionCellViewModel.swift in Sources */,
				961CF21925CAA9CA00ED1BD3 /* AddAccountViewController.swift in Sources */,
				965991FE25BD7F4A002A23BD /* BaseTableView.swift in Sources */,
				0690798C25F53AEB008B38DB /* CategoriesListViewController.swift in Sources */,
				9659920625BD8304002A23BD /* MainBuilder.swift in Sources */,
				9659912625B898DC002A23BD /* ModuleFactory.swift in Sources */,
				06EAB27425E2916A00E05FAB /* TitleCellViewModel.swift in Sources */,
				06EAB27725E2944E00E05FAB /* ModuleFactory+DataList.swift in Sources */,
				9699EDFF25CFFA7A00EF316E /* DatePickerCellViewModel.swift in Sources */,
				0690793225EA84FF008B38DB /* SegmentedControlCellView.swift in Sources */,
				9699EDFB25CFFA6B00EF316E /* DatePickerCellView.swift in Sources */,
				0698E97F25E26FFA000ED813 /* AddAccountFormValidator.swift in Sources */,
				96F4B0DC25C41DCF00E8339E /* ContainerTableCell.swift in Sources */,
				069079BB25F651F2008B38DB /* ModuleFactory+Login.swift in Sources */,
				069079C325F65274008B38DB /* LoginView.swift in Sources */,
				961C081825CEC79800C8E300 /* AddTransactionBuilder.swift in Sources */,
				961CF22225CAAD3F00ED1BD3 /* ModuleFactory+AddAccountModule.swift in Sources */,
				0690792E25EA7F61008B38DB /* Keys.swift in Sources */,
				965049E025C5999B00F4D960 /* Strings.swift in Sources */,
				0690797525F4FACF008B38DB /* Transactions+DirectionType.swift in Sources */,
				068B886E25FE2CAB004E81F2 /* ModuleFactory+AccountInfo.swift in Sources */,
				06907A1725F65CE9008B38DB /* AuthCoordinator.swift in Sources */,
				96F4B0CF25C41A5B00E8339E /* DefaultCellViewModel.swift in Sources */,
				96F1972C25CD801400B0B634 /* RoundedContainerCellView.swift in Sources */,
				96F4B0E725C420CC00E8339E /* DefaultCellContainer.swift in Sources */,
				068B88992604A9DE004E81F2 /* TableSectionHeaderView.swift in Sources */,
				961CF24E25CD5CEF00ED1BD3 /* Presentable.swift in Sources */,
				961CF25925CD5F3900ED1BD3 /* CoordinatorFactory.swift in Sources */,
				965049D925C5969500F4D960 /* Colors.swift in Sources */,
				068B885325FCFB08004E81F2 /* FAccount.swift in Sources */,
				96F1973725CD8B5300B0B634 /* CGFloat+IconSize.swift in Sources */,
				0698E98325E270A8000ED813 /* BaseFormValidator.swift in Sources */,
				965991FA25BD7D50002A23BD /* BaseTableController.swift in Sources */,
				06EAB27B25E295B500E05FAB /* AddTransactionCoordinator.swift in Sources */,
				0690799325F53B87008B38DB /* AccountsListViewController.swift in Sources */,
				0698E99625E27AB7000ED813 /* TextFieldVIewModel+Fabric.swift in Sources */,
				068B885625FCFD67004E81F2 /* FTransaction.swift in Sources */,
				965990C425B615BE002A23BD /* BaseView.swift in Sources */,
				0690796C25F4FA37008B38DB /* Transaction+CoreDataProperties copy.swift in Sources */,
				961CF24725CD5CA400ED1BD3 /* BaseCoordinator.swift in Sources */,
				065F7FEC25E268C000597A94 /* BaseTableBuilder.swift in Sources */,
				961CF26825CD698B00ED1BD3 /* ApplicationCoordinator.swift in Sources */,
				068B887425FE2CCD004E81F2 /* AccountInfoViewController.swift in Sources */,
				068B887B25FE2F12004E81F2 /* AccountInfoCellViewModel.swift in Sources */,
				96E067C625C6A1DE00DB7C35 /* MoneyKeeper.xcdatamodeld in Sources */,
				961C082025CEC9EA00C8E300 /* SelectCellView.swift in Sources */,
				961CF24325CD5B8400ED1BD3 /* Coordinator.swift in Sources */,
				0690793625EA85BD008B38DB /* SegmentedControllCellViewModel.swift in Sources */,
				961C081525CEC78E00C8E300 /* AddTransactionViewController.swift in Sources */,
				96F4B0D725C41C7600E8339E /* ConfigurableView.swift in Sources */,
				9659920F25BD84AD002A23BD /* DefaultCellView.swift in Sources */,
				9659912925B8990C002A23BD /* ModuleFactory+MainModule.swift in Sources */,
				068B884C25FCFA19004E81F2 /* FirestoreModel.swift in Sources */,
				961C082625CEDC4C00C8E300 /* ModuleFactory+AddTranaction.swift in Sources */,
				068B88942604A604004E81F2 /* Date+CompareDates.swift in Sources */,
				9699EE0425D009FB00EF316E /* DateFormatter+Extension.swift in Sources */,
				06EAB27125E2910200E05FAB /* TitleCellView.swift in Sources */,
				0690796E25F4FA37008B38DB /* Account+CoreDataProperties copy.swift in Sources */,
				0698E97925E26CC5000ED813 /* MKNavigationController.swift in Sources */,
				96504A5725C5FB4600F4D960 /* CoreDataStorage.swift in Sources */,
				0690797125F4FA37008B38DB /* Category+CoreDataProperties copy.swift in Sources */,
				96F4B0EA25C427DE00E8339E /* BaseContentInput.swift in Sources */,
				06907A1225F65A4A008B38DB /* AuthProviderButton.swift in Sources */,
				965049CC25C566EC00F4D960 /* TableSection+Init.swift in Sources */,
				0690798225F51647008B38DB /* AccountsListViewModel.swift in Sources */,
				0690796F25F4FA37008B38DB /* Transaction+CoreDataClass copy.swift in Sources */,
				068B887825FE2D91004E81F2 /* AcountInfoCellView.swift in Sources */,
			);
			runOnlyForDeploymentPostprocessing = 0;
		};
/* End PBXSourcesBuildPhase section */

/* Begin PBXVariantGroup section */
		0690791B25EA73EE008B38DB /* Localizable.strings */ = {
			isa = PBXVariantGroup;
			children = (
				0690791A25EA73EE008B38DB /* en */,
				0690791C25EA73F2008B38DB /* ru */,
			);
			name = Localizable.strings;
			sourceTree = "<group>";
		};
/* End PBXVariantGroup section */

/* Begin XCBuildConfiguration section */
		96C5E42325A5BD6C00E374B7 /* Debug */ = {
			isa = XCBuildConfiguration;
			buildSettings = {
				ALWAYS_SEARCH_USER_PATHS = NO;
				CLANG_ANALYZER_LOCALIZABILITY_NONLOCALIZED = YES;
				CLANG_ANALYZER_NONNULL = YES;
				CLANG_ANALYZER_NUMBER_OBJECT_CONVERSION = YES_AGGRESSIVE;
				CLANG_CXX_LANGUAGE_STANDARD = "gnu++14";
				CLANG_CXX_LIBRARY = "libc++";
				CLANG_ENABLE_MODULES = YES;
				CLANG_ENABLE_OBJC_ARC = YES;
				CLANG_ENABLE_OBJC_WEAK = YES;
				CLANG_WARN_BLOCK_CAPTURE_AUTORELEASING = YES;
				CLANG_WARN_BOOL_CONVERSION = YES;
				CLANG_WARN_COMMA = YES;
				CLANG_WARN_CONSTANT_CONVERSION = YES;
				CLANG_WARN_DEPRECATED_OBJC_IMPLEMENTATIONS = YES;
				CLANG_WARN_DIRECT_OBJC_ISA_USAGE = YES_ERROR;
				CLANG_WARN_DOCUMENTATION_COMMENTS = YES;
				CLANG_WARN_EMPTY_BODY = YES;
				CLANG_WARN_ENUM_CONVERSION = YES;
				CLANG_WARN_INFINITE_RECURSION = YES;
				CLANG_WARN_INT_CONVERSION = YES;
				CLANG_WARN_NON_LITERAL_NULL_CONVERSION = YES;
				CLANG_WARN_OBJC_IMPLICIT_RETAIN_SELF = YES;
				CLANG_WARN_OBJC_LITERAL_CONVERSION = YES;
				CLANG_WARN_OBJC_ROOT_CLASS = YES_ERROR;
				CLANG_WARN_QUOTED_INCLUDE_IN_FRAMEWORK_HEADER = YES;
				CLANG_WARN_RANGE_LOOP_ANALYSIS = YES;
				CLANG_WARN_STRICT_PROTOTYPES = YES;
				CLANG_WARN_SUSPICIOUS_MOVE = YES;
				CLANG_WARN_UNGUARDED_AVAILABILITY = YES_AGGRESSIVE;
				CLANG_WARN_UNREACHABLE_CODE = YES;
				CLANG_WARN__DUPLICATE_METHOD_MATCH = YES;
				COPY_PHASE_STRIP = NO;
				DEBUG_INFORMATION_FORMAT = dwarf;
				ENABLE_STRICT_OBJC_MSGSEND = YES;
				ENABLE_TESTABILITY = YES;
				GCC_C_LANGUAGE_STANDARD = gnu11;
				GCC_DYNAMIC_NO_PIC = NO;
				GCC_NO_COMMON_BLOCKS = YES;
				GCC_OPTIMIZATION_LEVEL = 0;
				GCC_PREPROCESSOR_DEFINITIONS = (
					"DEBUG=1",
					"$(inherited)",
				);
				GCC_WARN_64_TO_32_BIT_CONVERSION = YES;
				GCC_WARN_ABOUT_RETURN_TYPE = YES_ERROR;
				GCC_WARN_UNDECLARED_SELECTOR = YES;
				GCC_WARN_UNINITIALIZED_AUTOS = YES_AGGRESSIVE;
				GCC_WARN_UNUSED_FUNCTION = YES;
				GCC_WARN_UNUSED_VARIABLE = YES;
				IPHONEOS_DEPLOYMENT_TARGET = 11.0;
				MTL_ENABLE_DEBUG_INFO = INCLUDE_SOURCE;
				MTL_FAST_MATH = YES;
				ONLY_ACTIVE_ARCH = YES;
				SDKROOT = iphoneos;
				SWIFT_ACTIVE_COMPILATION_CONDITIONS = DEBUG;
				SWIFT_OPTIMIZATION_LEVEL = "-Onone";
			};
			name = Debug;
		};
		96C5E42425A5BD6C00E374B7 /* Release */ = {
			isa = XCBuildConfiguration;
			buildSettings = {
				ALWAYS_SEARCH_USER_PATHS = NO;
				CLANG_ANALYZER_LOCALIZABILITY_NONLOCALIZED = YES;
				CLANG_ANALYZER_NONNULL = YES;
				CLANG_ANALYZER_NUMBER_OBJECT_CONVERSION = YES_AGGRESSIVE;
				CLANG_CXX_LANGUAGE_STANDARD = "gnu++14";
				CLANG_CXX_LIBRARY = "libc++";
				CLANG_ENABLE_MODULES = YES;
				CLANG_ENABLE_OBJC_ARC = YES;
				CLANG_ENABLE_OBJC_WEAK = YES;
				CLANG_WARN_BLOCK_CAPTURE_AUTORELEASING = YES;
				CLANG_WARN_BOOL_CONVERSION = YES;
				CLANG_WARN_COMMA = YES;
				CLANG_WARN_CONSTANT_CONVERSION = YES;
				CLANG_WARN_DEPRECATED_OBJC_IMPLEMENTATIONS = YES;
				CLANG_WARN_DIRECT_OBJC_ISA_USAGE = YES_ERROR;
				CLANG_WARN_DOCUMENTATION_COMMENTS = YES;
				CLANG_WARN_EMPTY_BODY = YES;
				CLANG_WARN_ENUM_CONVERSION = YES;
				CLANG_WARN_INFINITE_RECURSION = YES;
				CLANG_WARN_INT_CONVERSION = YES;
				CLANG_WARN_NON_LITERAL_NULL_CONVERSION = YES;
				CLANG_WARN_OBJC_IMPLICIT_RETAIN_SELF = YES;
				CLANG_WARN_OBJC_LITERAL_CONVERSION = YES;
				CLANG_WARN_OBJC_ROOT_CLASS = YES_ERROR;
				CLANG_WARN_QUOTED_INCLUDE_IN_FRAMEWORK_HEADER = YES;
				CLANG_WARN_RANGE_LOOP_ANALYSIS = YES;
				CLANG_WARN_STRICT_PROTOTYPES = YES;
				CLANG_WARN_SUSPICIOUS_MOVE = YES;
				CLANG_WARN_UNGUARDED_AVAILABILITY = YES_AGGRESSIVE;
				CLANG_WARN_UNREACHABLE_CODE = YES;
				CLANG_WARN__DUPLICATE_METHOD_MATCH = YES;
				COPY_PHASE_STRIP = NO;
				DEBUG_INFORMATION_FORMAT = "dwarf-with-dsym";
				ENABLE_NS_ASSERTIONS = NO;
				ENABLE_STRICT_OBJC_MSGSEND = YES;
				GCC_C_LANGUAGE_STANDARD = gnu11;
				GCC_NO_COMMON_BLOCKS = YES;
				GCC_WARN_64_TO_32_BIT_CONVERSION = YES;
				GCC_WARN_ABOUT_RETURN_TYPE = YES_ERROR;
				GCC_WARN_UNDECLARED_SELECTOR = YES;
				GCC_WARN_UNINITIALIZED_AUTOS = YES_AGGRESSIVE;
				GCC_WARN_UNUSED_FUNCTION = YES;
				GCC_WARN_UNUSED_VARIABLE = YES;
				IPHONEOS_DEPLOYMENT_TARGET = 11.0;
				MTL_ENABLE_DEBUG_INFO = NO;
				MTL_FAST_MATH = YES;
				SDKROOT = iphoneos;
				SWIFT_COMPILATION_MODE = wholemodule;
				SWIFT_OPTIMIZATION_LEVEL = "-O";
				VALIDATE_PRODUCT = YES;
			};
			name = Release;
		};
		96C5E42625A5BD6C00E374B7 /* Debug */ = {
			isa = XCBuildConfiguration;
			baseConfigurationReference = C72F3F14515A182E96A67A2F /* Pods-MoneyKeeper.debug.xcconfig */;
			buildSettings = {
				ASSETCATALOG_COMPILER_APPICON_NAME = AppIcon;
				ASSETCATALOG_COMPILER_GLOBAL_ACCENT_COLOR_NAME = AccentColor;
				CODE_SIGN_STYLE = Automatic;
				DEVELOPMENT_TEAM = JJLJJKU7AK;
				INFOPLIST_FILE = "$(SRCROOT)/MoneyKeeper/Application/Info.plist";
				IPHONEOS_DEPLOYMENT_TARGET = 11.0;
				LD_RUNPATH_SEARCH_PATHS = (
					"$(inherited)",
					"@executable_path/Frameworks",
				);
				PRODUCT_BUNDLE_IDENTIFIER = com.b0sya.MoneyKeeper;
				PRODUCT_NAME = "$(TARGET_NAME)";
				SWIFT_VERSION = 5.0;
				TARGETED_DEVICE_FAMILY = 1;
			};
			name = Debug;
		};
		96C5E42725A5BD6C00E374B7 /* Release */ = {
			isa = XCBuildConfiguration;
			baseConfigurationReference = 000B42E85F7F77B09B44A082 /* Pods-MoneyKeeper.release.xcconfig */;
			buildSettings = {
				ASSETCATALOG_COMPILER_APPICON_NAME = AppIcon;
				ASSETCATALOG_COMPILER_GLOBAL_ACCENT_COLOR_NAME = AccentColor;
				CODE_SIGN_STYLE = Automatic;
				DEVELOPMENT_TEAM = JJLJJKU7AK;
				INFOPLIST_FILE = "$(SRCROOT)/MoneyKeeper/Application/Info.plist";
				IPHONEOS_DEPLOYMENT_TARGET = 11.0;
				LD_RUNPATH_SEARCH_PATHS = (
					"$(inherited)",
					"@executable_path/Frameworks",
				);
				PRODUCT_BUNDLE_IDENTIFIER = com.b0sya.MoneyKeeper;
				PRODUCT_NAME = "$(TARGET_NAME)";
				SWIFT_VERSION = 5.0;
				TARGETED_DEVICE_FAMILY = 1;
			};
			name = Release;
		};
/* End XCBuildConfiguration section */

/* Begin XCConfigurationList section */
		96C5E40C25A5BD6B00E374B7 /* Build configuration list for PBXProject "MoneyKeeper" */ = {
			isa = XCConfigurationList;
			buildConfigurations = (
				96C5E42325A5BD6C00E374B7 /* Debug */,
				96C5E42425A5BD6C00E374B7 /* Release */,
			);
			defaultConfigurationIsVisible = 0;
			defaultConfigurationName = Release;
		};
		96C5E42525A5BD6C00E374B7 /* Build configuration list for PBXNativeTarget "MoneyKeeper" */ = {
			isa = XCConfigurationList;
			buildConfigurations = (
				96C5E42625A5BD6C00E374B7 /* Debug */,
				96C5E42725A5BD6C00E374B7 /* Release */,
			);
			defaultConfigurationIsVisible = 0;
			defaultConfigurationName = Release;
		};
/* End XCConfigurationList section */

/* Begin XCVersionGroup section */
		96E067BE25C6A1DE00DB7C35 /* MoneyKeeper.xcdatamodeld */ = {
			isa = XCVersionGroup;
			children = (
				96E067BF25C6A1DE00DB7C35 /* CoreDataModel.xcdatamodel */,
			);
			currentVersion = 96E067BF25C6A1DE00DB7C35 /* CoreDataModel.xcdatamodel */;
			path = MoneyKeeper.xcdatamodeld;
			sourceTree = "<group>";
			versionGroupType = wrapper.xcdatamodel;
		};
/* End XCVersionGroup section */
	};
	rootObject = 96C5E40925A5BD6B00E374B7 /* Project object */;
}
